PODS:
  - APIKit (5.1.0)
  - AWSAuthCore (2.31.1):
    - AWSCore (= 2.31.1)
  - AWSCognitoIdentityProvider (2.31.1):
    - AWSCognitoIdentityProviderASF (= 2.31.1)
    - AWSCore (= 2.31.1)
  - AWSCognitoIdentityProviderASF (2.31.1):
    - AWSCore (= 2.31.1)
  - AWSCore (2.31.1)
  - AWSMobileClient (2.31.1):
    - AWSAuthCore (= 2.31.1)
    - AWSCognitoIdentityProvider (= 2.31.1)
    - AWSCognitoIdentityProviderASF (= 2.31.1)
    - AWSCore (= 2.31.1)
  - AWSPinpoint (2.31.1):
    - AWSCore (= 2.31.1)
  - Cartography (4.0.0)
  - ImageViewer (6.0.0)
  - InputBarAccessoryView (5.4.0):
    - InputBarAccessoryView/Core (= 5.4.0)
  - InputBarAccessoryView/Core (5.4.0)
  - iosMath (0.9.4)
  - KRActivityIndicatorView (3.0.7)
  - KRProgressHUD (3.4.7):
    - KRActivityIndicatorView (= 3.0.7)
  - MessageKit (3.7.0):
    - InputBarAccessoryView (~> 5.4.0)
  - PanModal (1.2.7)
  - PINCache (3.0.3):
    - PINCache/Arc-exception-safe (= 3.0.3)
    - PINCache/Core (= 3.0.3)
  - PINCache/Arc-exception-safe (3.0.3):
    - PINCache/Core
  - PINCache/Core (3.0.3):
    - PINOperation (~> 1.2.1)
  - PINOperation (1.2.1)
  - PINRemoteImage (3.0.3):
    - PINRemoteImage/PINCache (= 3.0.3)
  - PINRemoteImage/Core (3.0.3):
    - PINOperation
  - PINRemoteImage/PINCache (3.0.3):
    - PINCache (~> 3.0.3)
    - PINRemoteImage/Core
  - ReSwift (6.0.0)
  - RxBlocking (5.1.1):
    - RxSwift (~> 5)
  - RxCocoa (5.1.1):
    - RxRelay (~> 5)
    - RxSwift (~> 5)
  - RxRelay (5.1.1):
    - RxSwift (~> 5)
  - RxSwift (5.1.2)
  - RxTest (5.1.2):
    - RxSwift (~> 5)
  - SwiftLint (0.41.0)

DEPENDENCIES:
  - APIKit (~> 5.1.0)
  - AWSMobileClient
  - AWSPinpoint
  - Cartography (~> 4.0.0)
  - ImageViewer (~> 6.0)
  - iosMath
  - KRProgressHUD (~> 3.4.4)
  - MessageKit (~> 3.7.0)
  - PanModal
  - PINRemoteImage (~> 3.0)
  - ReSwift (~> 6.0.0)
  - RxBlocking (~> 5.1.1)
  - RxCocoa (~> 5.1.1)
  - RxSwift (~> 5.1.1)
  - RxTest (~> 5.1.1)
  - SwiftLint (~> 0.41.0)

SPEC REPOS:
  trunk:
    - APIKit
    - AWSAuthCore
    - AWSCognitoIdentityProvider
    - AWSCognitoIdentityProviderASF
    - AWSCore
    - AWSMobileClient
    - AWSPinpoint
    - Cartography
    - ImageViewer
    - InputBarAccessoryView
    - iosMath
    - KRActivityIndicatorView
    - KRProgressHUD
    - MessageKit
    - PanModal
    - PINCache
    - PINOperation
    - PINRemoteImage
    - ReSwift
    - RxBlocking
    - RxCocoa
    - RxRelay
    - RxSwift
    - RxTest
    - SwiftLint

SPEC CHECKSUMS:
  APIKit: 9e1a4069608bf0ae5238811e6cfc26928ad4d01e
  AWSAuthCore: efed26af355360a00b84fc9251ce3e3beeecac92
  AWSCognitoIdentityProvider: 63dda7bea693a2b0e76229c40a82a8a4199e4487
  AWSCognitoIdentityProviderASF: a7323a914ab660c625b71a05d338230dcfee3d2e
  AWSCore: 3fa19af1810d4430cfb735cc5323b68d8674fb5b
  AWSMobileClient: 5605350f3e9c0ee6d1f2b2a1a0b8aa2954aef6cb
  AWSPinpoint: 5b1c7ddda610be6377113abf874b533118fec814
  Cartography: c5626d29056b20f1e95c017326ee4df57cc39ad8
  ImageViewer: cb88ef1c0ba19161bc10702adfdcebc116a7a59d
  InputBarAccessoryView: 74d471ab1fa1736806be50328df79257e52865a9
  iosMath: f7a6cbadf9d836d2149c2a84c435b1effc244cba
  KRActivityIndicatorView: ad69e89c4ce40c986cf580595be4829dcad0e35a
  KRProgressHUD: a248f0bc6c9c2aed40a37b76e03ffecc7f85c887
  MessageKit: 8e76dd8d65ad44b49e1651c673497146416461e9
  PanModal: 3e16ead1a907fb06f4df3f13492fd00149fa4974
  PINCache: 7a8fc1a691173d21dbddbf86cd515de6efa55086
  PINOperation: 00c935935f1e8cf0d1e2d6b542e75b88fc3e5e20
  PINRemoteImage: f1295b29f8c5e640e25335a1b2bd9d805171bd01
  ReSwift: 14e6f9409fe6bdc635e588208296a01f43b959c9
  RxBlocking: 5f700a78cad61ce253ebd37c9a39b5ccc76477b4
  RxCocoa: 32065309a38d29b5b0db858819b5bf9ef038b601
  RxRelay: d77f7d771495f43c556cbc43eebd1bb54d01e8e9
  RxSwift: 1e2e1f9570186967f617e49128ed26ccf1bafc8e
  RxTest: 274549b747dca56f47c52c8991ec5cf797ecfe40
  SwiftLint: c585ebd615d9520d7fbdbe151f527977b0534f1e

PODFILE CHECKSUM: c4035317ae8d935e5dd5dba8cfc5aeefce7770fa

COCOAPODS: 1.11.2
