PODS:
  - APIKit (5.0.0)
  - AWSCore (2.8.4)
  - AWSRekognition (2.8.4):
    - AWSCore (= 2.8.4)
  - Cartography (4.0.0)
  - KRActivityIndicatorView (3.0.2)
  - KRProgressHUD (3.4.1):
    - KRActivityIndicatorView (= 3.0.2)
  - ReSwift (4.1.1)
  - RxBlocking (5.0.0):
    - RxSwift (~> 5)
  - RxCocoa (5.0.0):
    - RxRelay (~> 5)
    - RxSwift (~> 5)
  - RxRelay (5.0.0):
    - RxSwift (~> 5)
  - RxSwift (5.0.0)
  - RxTest (5.0.0):
    - RxSwift (~> 5)
  - SwiftLint (0.30.1)

DEPENDENCIES:
  - APIKit (~> 5.0.0)
  - AWSRekognition (~> 2.8.4)
  - Cartography (~> 4.0.0)
  - KRProgressHUD (~> 3.4.1)
  - ReSwift (~> 4.1.1)
  - RxBlocking (~> 5.0.0)
  - RxCocoa (~> 5.0.0)
  - RxSwift (~> 5.0.0)
  - RxTest (~> 5.0.0)
  - SwiftLint (~> 0.30.1)

SPEC REPOS:
  https://github.com/cocoapods/specs.git:
    - APIKit
    - AWSCore
    - AWSRekognition
    - Cartography
    - KRActivityIndicatorView
    - KRProgressHUD
    - ReSwift
    - RxBlocking
    - RxCocoa
    - RxRelay
    - RxSwift
    - RxTest
    - SwiftLint

SPEC CHECKSUMS:
  APIKit: b27d79b022733b2f50e7a092e67c4cb9ea30f968
  AWSCore: 734b0d67c2c77f6edae9e5520431a37310ea4193
  AWSRekognition: fad6467f39d64657a634da4265fb97a4d2349eda
  Cartography: c5626d29056b20f1e95c017326ee4df57cc39ad8
  KRActivityIndicatorView: a2022d5d3e366207d2690f6bcc550f83aa91241b
  KRProgressHUD: 115363b48feb530ab1f36c4146ed22e779e0f5aa
  ReSwift: d925be0033558f55bd73d92869961230dfe19d52
  RxBlocking: c67185d26498ea3cbe3e121917c3c16739e43123
  RxCocoa: fcf32050ac00d801f34a7f71d5e8e7f23026dcd8
  RxRelay: 4f7409406a51a55cd88483f21ed898c234d60f18
  RxSwift: 8b0671caa829a763bbce7271095859121cbd895f
  RxTest: 4349afe98f564e0a9bc19063368904622d17d49a
  SwiftLint: a54bf1fe12b55c68560eb2a7689dfc81458508f7

PODFILE CHECKSUM: 020493b9352ed9a5a5d44f738e97320ec56c2c5d

COCOAPODS: 1.6.2
