// !$*UTF8*$!
{
	archiveVersion = 1;
	classes = {
	};
	objectVersion = 50;
	objects = {

/* Begin PBXBuildFile section */
		20037F9124290E9B009D5CF5 /* PresentTransitionFromRightViewController.swift in Sources */ = {isa = PBXBuildFile; fileRef = 20037F9024290E9B009D5CF5 /* PresentTransitionFromRightViewController.swift */; };
		20037F9324290EAC009D5CF5 /* PresentTransitionFromRight.storyboard in Resources */ = {isa = PBXBuildFile; fileRef = 20037F9224290EAC009D5CF5 /* PresentTransitionFromRight.storyboard */; };
		20037F9524291049009D5CF5 /* TestFirstViewController.swift in Sources */ = {isa = PBXBuildFile; fileRef = 20037F9424291049009D5CF5 /* TestFirstViewController.swift */; };
		20037F9724291058009D5CF5 /* TestFirst.storyboard in Resources */ = {isa = PBXBuildFile; fileRef = 20037F9624291058009D5CF5 /* TestFirst.storyboard */; };
		20037F9924291314009D5CF5 /* TestSecondViewController.swift in Sources */ = {isa = PBXBuildFile; fileRef = 20037F9824291313009D5CF5 /* TestSecondViewController.swift */; };
		20037F9B2429131F009D5CF5 /* TestSecond.storyboard in Resources */ = {isa = PBXBuildFile; fileRef = 20037F9A2429131F009D5CF5 /* TestSecond.storyboard */; };
		2032A6D920DCC9E50091952F /* AppDelegate.swift in Sources */ = {isa = PBXBuildFile; fileRef = 2032A6D820DCC9E50091952F /* AppDelegate.swift */; };
		2032A6DB20DCC9E50091952F /* MainViewController.swift in Sources */ = {isa = PBXBuildFile; fileRef = 2032A6DA20DCC9E50091952F /* MainViewController.swift */; };
		2032A6DE20DCC9E50091952F /* Main.storyboard in Resources */ = {isa = PBXBuildFile; fileRef = 2032A6DC20DCC9E50091952F /* Main.storyboard */; };
		2032A6E120DCC9E50091952F /* FunctionConfirm.xcdatamodeld in Sources */ = {isa = PBXBuildFile; fileRef = 2032A6DF20DCC9E50091952F /* FunctionConfirm.xcdatamodeld */; };
		2032A6E320DCC9E70091952F /* Assets.xcassets in Resources */ = {isa = PBXBuildFile; fileRef = 2032A6E220DCC9E70091952F /* Assets.xcassets */; };
		2032A6E620DCC9E70091952F /* LaunchScreen.storyboard in Resources */ = {isa = PBXBuildFile; fileRef = 2032A6E420DCC9E70091952F /* LaunchScreen.storyboard */; };
		2032A6FC20DCC9E80091952F /* FunctionConfirmUITests.swift in Sources */ = {isa = PBXBuildFile; fileRef = 2032A6FB20DCC9E80091952F /* FunctionConfirmUITests.swift */; };
		2032A70E20DCDD1C0091952F /* CustomePickerView.swift in Sources */ = {isa = PBXBuildFile; fileRef = 2032A70D20DCDD1C0091952F /* CustomePickerView.swift */; };
		2032A71020DCDD370091952F /* Picker.storyboard in Resources */ = {isa = PBXBuildFile; fileRef = 2032A70F20DCDD370091952F /* Picker.storyboard */; };
		2032A71220DCDD680091952F /* CustomPickerView.xib in Resources */ = {isa = PBXBuildFile; fileRef = 2032A71120DCDD680091952F /* CustomPickerView.xib */; };
		2032A71420DCE0180091952F /* PickerViewController.swift in Sources */ = {isa = PBXBuildFile; fileRef = 2032A71320DCE0180091952F /* PickerViewController.swift */; };
		203AFD482344EA330021FA9A /* RoundedCornerButton.swift in Sources */ = {isa = PBXBuildFile; fileRef = 203AFD472344EA330021FA9A /* RoundedCornerButton.swift */; };
		20521A5220DF50BB00621136 /* NibLoadable.swift in Sources */ = {isa = PBXBuildFile; fileRef = 20521A5120DF50BB00621136 /* NibLoadable.swift */; };
		208CE614234753F60024AE3A /* ImageButton.swift in Sources */ = {isa = PBXBuildFile; fileRef = 208CE613234753F60024AE3A /* ImageButton.swift */; };
		20B015532436FCB4008DA31D /* SemiModalViewController.swift in Sources */ = {isa = PBXBuildFile; fileRef = 20B015522436FCB4008DA31D /* SemiModalViewController.swift */; };
		20B015552436FCC1008DA31D /* SemiModal.storyboard in Resources */ = {isa = PBXBuildFile; fileRef = 20B015542436FCC1008DA31D /* SemiModal.storyboard */; };
		20E35064232A28F50057A561 /* TimerViewController.swift in Sources */ = {isa = PBXBuildFile; fileRef = 20E35063232A28F50057A561 /* TimerViewController.swift */; };
		20E35066232A29090057A561 /* TimerView.storyboard in Resources */ = {isa = PBXBuildFile; fileRef = 20E35065232A29090057A561 /* TimerView.storyboard */; };
		7B67232120E0BF0300D8A5A3 /* ScreenTransitionViewController.swift in Sources */ = {isa = PBXBuildFile; fileRef = 7B67232020E0BF0300D8A5A3 /* ScreenTransitionViewController.swift */; };
		7B67232320E0BF3D00D8A5A3 /* DisplayViewController.swift in Sources */ = {isa = PBXBuildFile; fileRef = 7B67232220E0BF3D00D8A5A3 /* DisplayViewController.swift */; };
		7B67232C20E0D78300D8A5A3 /* GitHubRepositoryModel.swift in Sources */ = {isa = PBXBuildFile; fileRef = 7B67232B20E0D78300D8A5A3 /* GitHubRepositoryModel.swift */; };
		7B67232F20E1E13B00D8A5A3 /* QiitaListViewController.swift in Sources */ = {isa = PBXBuildFile; fileRef = 7B67232E20E1E13B00D8A5A3 /* QiitaListViewController.swift */; };
		7B67233120E1E14700D8A5A3 /* QiitaList.storyboard in Resources */ = {isa = PBXBuildFile; fileRef = 7B67233020E1E14700D8A5A3 /* QiitaList.storyboard */; };
		7B67233320E1E71D00D8A5A3 /* QiitaListViewModel.swift in Sources */ = {isa = PBXBuildFile; fileRef = 7B67233220E1E71D00D8A5A3 /* QiitaListViewModel.swift */; };
		7B67233520E1E72800D8A5A3 /* QiitaListModel.swift in Sources */ = {isa = PBXBuildFile; fileRef = 7B67233420E1E72800D8A5A3 /* QiitaListModel.swift */; };
		7B67233720E1EC7C00D8A5A3 /* QiitaListApiRequest.swift in Sources */ = {isa = PBXBuildFile; fileRef = 7B67233620E1EC7C00D8A5A3 /* QiitaListApiRequest.swift */; };
		7B67233B20E200B500D8A5A3 /* DecodableDataParser.swift in Sources */ = {isa = PBXBuildFile; fileRef = 7B67233A20E200B500D8A5A3 /* DecodableDataParser.swift */; };
		7B67233D20E200FF00D8A5A3 /* QiitaListRequest.swift in Sources */ = {isa = PBXBuildFile; fileRef = 7B67233C20E200FF00D8A5A3 /* QiitaListRequest.swift */; };
		9C096C43211C26C8008DB26D /* RESTfulAPIRequest.swift in Sources */ = {isa = PBXBuildFile; fileRef = 9C096C42211C26C8008DB26D /* RESTfulAPIRequest.swift */; };
		9C096C45211C26E8008DB26D /* Item.swift in Sources */ = {isa = PBXBuildFile; fileRef = 9C096C44211C26E8008DB26D /* Item.swift */; };
		9C5EBBBA213F6B360085B838 /* ItemRequest.swift in Sources */ = {isa = PBXBuildFile; fileRef = 9C5EBBB9213F6B360085B838 /* ItemRequest.swift */; };
		9C62DA38227C4BA4002DEA7C /* MVVMSubmitViewController.swift in Sources */ = {isa = PBXBuildFile; fileRef = 9C62DA2D227C4BA3002DEA7C /* MVVMSubmitViewController.swift */; };
		9C62DA39227C4BA4002DEA7C /* MVVMListTableViewCell.swift in Sources */ = {isa = PBXBuildFile; fileRef = 9C62DA2E227C4BA3002DEA7C /* MVVMListTableViewCell.swift */; };
		9C62DA3A227C4BA4002DEA7C /* MVVMListTableViewCell.xib in Resources */ = {isa = PBXBuildFile; fileRef = 9C62DA2F227C4BA3002DEA7C /* MVVMListTableViewCell.xib */; };
		9C62DA3B227C4BA4002DEA7C /* MVVMListViewController.swift in Sources */ = {isa = PBXBuildFile; fileRef = 9C62DA30227C4BA3002DEA7C /* MVVMListViewController.swift */; };
		9C62DA3C227C4BA4002DEA7C /* MVVMViewController.storyboard in Resources */ = {isa = PBXBuildFile; fileRef = 9C62DA31227C4BA3002DEA7C /* MVVMViewController.storyboard */; };
		9C62DA3D227C4BA4002DEA7C /* MVVMListViewModel.swift in Sources */ = {isa = PBXBuildFile; fileRef = 9C62DA32227C4BA4002DEA7C /* MVVMListViewModel.swift */; };
		9C62DA3E227C4BA4002DEA7C /* MVVMSubmitViewController.storyboard in Resources */ = {isa = PBXBuildFile; fileRef = 9C62DA33227C4BA4002DEA7C /* MVVMSubmitViewController.storyboard */; };
		9C62DA3F227C4BA4002DEA7C /* MVVMViewState.swift in Sources */ = {isa = PBXBuildFile; fileRef = 9C62DA34227C4BA4002DEA7C /* MVVMViewState.swift */; };
		9C62DA40227C4BA4002DEA7C /* ItemRx.swift in Sources */ = {isa = PBXBuildFile; fileRef = 9C62DA35227C4BA4002DEA7C /* ItemRx.swift */; };
		9C62DA41227C4BA4002DEA7C /* ItemAPIRequestRx.swift in Sources */ = {isa = PBXBuildFile; fileRef = 9C62DA36227C4BA4002DEA7C /* ItemAPIRequestRx.swift */; };
		9C62DA42227C4BA4002DEA7C /* MVVMSubmitViewModel.swift in Sources */ = {isa = PBXBuildFile; fileRef = 9C62DA37227C4BA4002DEA7C /* MVVMSubmitViewModel.swift */; };
		9C660DEF21DD45B4003BF811 /* StoryboardLoadable.swift in Sources */ = {isa = PBXBuildFile; fileRef = 9C660DEE21DD45B4003BF811 /* StoryboardLoadable.swift */; };
		9C660DF121DD45F3003BF811 /* UIStoryboard+Name.swift in Sources */ = {isa = PBXBuildFile; fileRef = 9C660DF021DD45F3003BF811 /* UIStoryboard+Name.swift */; };
		9C660DFA21DF5DE3003BF811 /* SubmitButton.swift in Sources */ = {isa = PBXBuildFile; fileRef = 9C660DF921DF5DE3003BF811 /* SubmitButton.swift */; };
		9C660DFC21DF5E54003BF811 /* UIImage+Color.swift in Sources */ = {isa = PBXBuildFile; fileRef = 9C660DFB21DF5E54003BF811 /* UIImage+Color.swift */; };
		9C69834922700E2F00DC8C93 /* CameraMainFunctionViewController.swift in Sources */ = {isa = PBXBuildFile; fileRef = 9C69834822700E2F00DC8C93 /* CameraMainFunctionViewController.swift */; };
		9C69834B22700E3700DC8C93 /* CameraMainFunction.storyboard in Resources */ = {isa = PBXBuildFile; fileRef = 9C69834A22700E3700DC8C93 /* CameraMainFunction.storyboard */; };
		9C6ADAB721E1C20400EC4494 /* MVVMListViewModelText.swift in Sources */ = {isa = PBXBuildFile; fileRef = 9C6ADAB621E1C20400EC4494 /* MVVMListViewModelText.swift */; };
		9C6ADAB921E1C21800EC4494 /* MVVMSubmitViewModelTest.swift in Sources */ = {isa = PBXBuildFile; fileRef = 9C6ADAB821E1C21800EC4494 /* MVVMSubmitViewModelTest.swift */; };
		9C78A29422146DBB0036D3FD /* QiitaListElement.swift in Sources */ = {isa = PBXBuildFile; fileRef = 7B67233820E1ECE500D8A5A3 /* QiitaListElement.swift */; };
		9C78A299221481620036D3FD /* ScreenTransition.storyboard in Resources */ = {isa = PBXBuildFile; fileRef = 7B67232420E0BF5C00D8A5A3 /* ScreenTransition.storyboard */; };
		9C78A29A221481700036D3FD /* GitHubRepositoryList.storyboard in Resources */ = {isa = PBXBuildFile; fileRef = 7B67232920E0D43800D8A5A3 /* GitHubRepositoryList.storyboard */; };
		9C78A29B221481FC0036D3FD /* GitHubRepositoryListViewController.swift in Sources */ = {isa = PBXBuildFile; fileRef = 7B67232720E0D41600D8A5A3 /* GitHubRepositoryListViewController.swift */; };
		9C78A29C221483320036D3FD /* CodeOnlyPickerViewController.storyboard in Resources */ = {isa = PBXBuildFile; fileRef = 9CFF6AB621E4A19900E4097A /* CodeOnlyPickerViewController.storyboard */; };
		9C78A29F221494090036D3FD /* RoundedCornerViewController.swift in Sources */ = {isa = PBXBuildFile; fileRef = 9C78A29E221494090036D3FD /* RoundedCornerViewController.swift */; };
		9C78A2A12214941A0036D3FD /* RoundedCorner.storyboard in Resources */ = {isa = PBXBuildFile; fileRef = 9C78A2A02214941A0036D3FD /* RoundedCorner.storyboard */; };
		9C78A2A42214990A0036D3FD /* AnimationFirstViewController.swift in Sources */ = {isa = PBXBuildFile; fileRef = 9C78A2A32214990A0036D3FD /* AnimationFirstViewController.swift */; };
		9C78A2A6221499160036D3FD /* Animation.storyboard in Resources */ = {isa = PBXBuildFile; fileRef = 9C78A2A5221499160036D3FD /* Animation.storyboard */; };
		9C78A2A822149CDC0036D3FD /* AnimationPageViewController.swift in Sources */ = {isa = PBXBuildFile; fileRef = 9C78A2A722149CDC0036D3FD /* AnimationPageViewController.swift */; };
		9C78A2AA22149F0F0036D3FD /* AnimationSecondViewController.swift in Sources */ = {isa = PBXBuildFile; fileRef = 9C78A2A922149F0F0036D3FD /* AnimationSecondViewController.swift */; };
		9C78A2AC22149F1B0036D3FD /* AnimationThirdViewController.swift in Sources */ = {isa = PBXBuildFile; fileRef = 9C78A2AB22149F1B0036D3FD /* AnimationThirdViewController.swift */; };
		9C78A2AE22152C5F0036D3FD /* AnimationFourthViewController.swift in Sources */ = {isa = PBXBuildFile; fileRef = 9C78A2AD22152C5F0036D3FD /* AnimationFourthViewController.swift */; };
		9C78A2B022194BA60036D3FD /* AnimationFifthViewController.swift in Sources */ = {isa = PBXBuildFile; fileRef = 9C78A2AF22194BA60036D3FD /* AnimationFifthViewController.swift */; };
		9C78A2B222194BB50036D3FD /* AnimationSixthViewController.swift in Sources */ = {isa = PBXBuildFile; fileRef = 9C78A2B122194BB50036D3FD /* AnimationSixthViewController.swift */; };
		9C78A2B422194BC50036D3FD /* AnimationSeventhViewController.swift in Sources */ = {isa = PBXBuildFile; fileRef = 9C78A2B322194BC50036D3FD /* AnimationSeventhViewController.swift */; };
		9C78A2B622194C060036D3FD /* AnimationEighthViewController.swift in Sources */ = {isa = PBXBuildFile; fileRef = 9C78A2B522194C060036D3FD /* AnimationEighthViewController.swift */; };
		9C827A33213EB56600E72FDA /* ItemResponse.swift in Sources */ = {isa = PBXBuildFile; fileRef = 9C827A32213EB56600E72FDA /* ItemResponse.swift */; };
		9C87B27421F5966100A50985 /* StatusBar.storyboard in Resources */ = {isa = PBXBuildFile; fileRef = 9C87B27321F5966100A50985 /* StatusBar.storyboard */; };
		9C87B27621F5967100A50985 /* StatusBarViewController.swift in Sources */ = {isa = PBXBuildFile; fileRef = 9C87B27521F5967100A50985 /* StatusBarViewController.swift */; };
		9C91E4B42209DD490021E1BC /* AWSRekognition.storyboard in Resources */ = {isa = PBXBuildFile; fileRef = 9C91E4B32209DD490021E1BC /* AWSRekognition.storyboard */; };
		9C91E4B62209DD6D0021E1BC /* FaceTrackingHomeViewController.swift in Sources */ = {isa = PBXBuildFile; fileRef = 9C91E4B52209DD6D0021E1BC /* FaceTrackingHomeViewController.swift */; };
		9CB8082421F716AB00DAD155 /* StatusBarPopupViewController.swift in Sources */ = {isa = PBXBuildFile; fileRef = 9CB8082321F716AB00DAD155 /* StatusBarPopupViewController.swift */; };
		9CB8082621F751A900DAD155 /* StatusBarThirdViewController.swift in Sources */ = {isa = PBXBuildFile; fileRef = 9CB8082521F751A900DAD155 /* StatusBarThirdViewController.swift */; };
		9CB8082821F753C900DAD155 /* StatusBarPopup2ViewController.xib in Resources */ = {isa = PBXBuildFile; fileRef = 9CB8082721F753C900DAD155 /* StatusBarPopup2ViewController.xib */; };
		9CB8082A21F7540E00DAD155 /* StatusBarPopup2ViewController.swift in Sources */ = {isa = PBXBuildFile; fileRef = 9CB8082921F7540E00DAD155 /* StatusBarPopup2ViewController.swift */; };
		9CB8083021F8229600DAD155 /* UIApplication+topViewController.swift in Sources */ = {isa = PBXBuildFile; fileRef = 9CB8082F21F8229600DAD155 /* UIApplication+topViewController.swift */; };
		9CB8083521F8236000DAD155 /* StatusBar2Manager.swift in Sources */ = {isa = PBXBuildFile; fileRef = 9CB8083421F8236000DAD155 /* StatusBar2Manager.swift */; };
		9CB8083821F8283900DAD155 /* StatusBarForthViewController.swift in Sources */ = {isa = PBXBuildFile; fileRef = 9CB8083721F8283900DAD155 /* StatusBarForthViewController.swift */; };
		9CB8083A21F832BA00DAD155 /* StatusBar3Manager.swift in Sources */ = {isa = PBXBuildFile; fileRef = 9CB8083921F832BA00DAD155 /* StatusBar3Manager.swift */; };
		9CB8083C21F8330B00DAD155 /* StatusBarPopup3ViewController.swift in Sources */ = {isa = PBXBuildFile; fileRef = 9CB8083B21F8330B00DAD155 /* StatusBarPopup3ViewController.swift */; };
		9CB8083E21F8332300DAD155 /* StatusBarPopup3ViewController.xib in Resources */ = {isa = PBXBuildFile; fileRef = 9CB8083D21F8332300DAD155 /* StatusBarPopup3ViewController.xib */; };
		9CB8084021F8349700DAD155 /* StatusBar3NavigationViewController.swift in Sources */ = {isa = PBXBuildFile; fileRef = 9CB8083F21F8349700DAD155 /* StatusBar3NavigationViewController.swift */; };
		9CCC0AF921199EFD007EFE26 /* MVP.storyboard in Resources */ = {isa = PBXBuildFile; fileRef = 9CCC0AF821199EFD007EFE26 /* MVP.storyboard */; };
		9CCC0AFB21199F72007EFE26 /* MVPViewController.swift in Sources */ = {isa = PBXBuildFile; fileRef = 9CCC0AFA21199F72007EFE26 /* MVPViewController.swift */; };
		9CCCA878224F39DF00FCAB03 /* Barcode2.storyboard in Resources */ = {isa = PBXBuildFile; fileRef = 9CCCA877224F39DF00FCAB03 /* Barcode2.storyboard */; };
		9CCCA87A224F39E900FCAB03 /* Barcode2ViewController.swift in Sources */ = {isa = PBXBuildFile; fileRef = 9CCCA879224F39E900FCAB03 /* Barcode2ViewController.swift */; };
		9CD30C7421F6FCCB00D6184A /* StatusBarInNavigation.storyboard in Resources */ = {isa = PBXBuildFile; fileRef = 9CD30C7321F6FCCB00D6184A /* StatusBarInNavigation.storyboard */; };
		9CD30C7621F6FCDE00D6184A /* StatusBarInNavigationViewController.swift in Sources */ = {isa = PBXBuildFile; fileRef = 9CD30C7521F6FCDE00D6184A /* StatusBarInNavigationViewController.swift */; };
		9CD30C7821F6FCFD00D6184A /* StatusBarInTabBar.storyboard in Resources */ = {isa = PBXBuildFile; fileRef = 9CD30C7721F6FCFD00D6184A /* StatusBarInTabBar.storyboard */; };
		9CD30C7A21F6FD0F00D6184A /* StatusBarInTabBarViewController.swift in Sources */ = {isa = PBXBuildFile; fileRef = 9CD30C7921F6FD0F00D6184A /* StatusBarInTabBarViewController.swift */; };
		9CD30C7C21F6FE8E00D6184A /* StatusBarFirstViewController.swift in Sources */ = {isa = PBXBuildFile; fileRef = 9CD30C7B21F6FE8E00D6184A /* StatusBarFirstViewController.swift */; };
		9CD30C7E21F6FE9A00D6184A /* StatusBarSecondViewController.swift in Sources */ = {isa = PBXBuildFile; fileRef = 9CD30C7D21F6FE9A00D6184A /* StatusBarSecondViewController.swift */; };
		9CD30C8021F7100B00D6184A /* UINavigationController+StatusBarStyle.swift in Sources */ = {isa = PBXBuildFile; fileRef = 9CD30C7F21F7100B00D6184A /* UINavigationController+StatusBarStyle.swift */; };
		9CD30C8221F7149A00D6184A /* StatusBarPopupViewController.xib in Resources */ = {isa = PBXBuildFile; fileRef = 9CD30C8121F7149A00D6184A /* StatusBarPopupViewController.xib */; };
		9CDB1B5022749A72004EFB68 /* ReViewController.swift in Sources */ = {isa = PBXBuildFile; fileRef = 9CDB1B4F22749A72004EFB68 /* ReViewController.swift */; };
		9CDB1B5222749A80004EFB68 /* ReViewController.storyboard in Resources */ = {isa = PBXBuildFile; fileRef = 9CDB1B5122749A80004EFB68 /* ReViewController.storyboard */; };
		9CDB1B5422749D6F004EFB68 /* String+Random.swift in Sources */ = {isa = PBXBuildFile; fileRef = 9CDB1B5322749D6F004EFB68 /* String+Random.swift */; };
		9CDB1B5822749E40004EFB68 /* AppState.swift in Sources */ = {isa = PBXBuildFile; fileRef = 9CDB1B5722749E40004EFB68 /* AppState.swift */; };
		9CDB1B5A22749F69004EFB68 /* CounterReducer.swift in Sources */ = {isa = PBXBuildFile; fileRef = 9CDB1B5922749F69004EFB68 /* CounterReducer.swift */; };
		9CDB1B5C22749F88004EFB68 /* Actions.swift in Sources */ = {isa = PBXBuildFile; fileRef = 9CDB1B5B22749F88004EFB68 /* Actions.swift */; };
		9CDB1B5E2274B070004EFB68 /* Store.swift in Sources */ = {isa = PBXBuildFile; fileRef = 9CDB1B5D2274B070004EFB68 /* Store.swift */; };
		9CE2644A211A74D100DD178E /* MVPPresenter.swift in Sources */ = {isa = PBXBuildFile; fileRef = 9CE26449211A74D100DD178E /* MVPPresenter.swift */; };
		9CE2644C211A818A00DD178E /* MVPModel.swift in Sources */ = {isa = PBXBuildFile; fileRef = 9CE2644B211A818A00DD178E /* MVPModel.swift */; };
		9CE2644E211A85E500DD178E /* MVPTableCell.swift in Sources */ = {isa = PBXBuildFile; fileRef = 9CE2644D211A85E500DD178E /* MVPTableCell.swift */; };
		9CE26450211A890900DD178E /* UITableView+Addition.swift in Sources */ = {isa = PBXBuildFile; fileRef = 9CE2644F211A890900DD178E /* UITableView+Addition.swift */; };
		9CE26452211A894100DD178E /* UITableViewCell+Addition.swift in Sources */ = {isa = PBXBuildFile; fileRef = 9CE26451211A894100DD178E /* UITableViewCell+Addition.swift */; };
		9CE26454211A896C00DD178E /* UITableViewHeaderFooterView+Addition.swift in Sources */ = {isa = PBXBuildFile; fileRef = 9CE26453211A896C00DD178E /* UITableViewHeaderFooterView+Addition.swift */; };
		9CE26456211A8FB300DD178E /* UIColor+Addition.swift in Sources */ = {isa = PBXBuildFile; fileRef = 9CE26455211A8FB300DD178E /* UIColor+Addition.swift */; };
		9CE2645A211A917C00DD178E /* MVPRegistViewController.swift in Sources */ = {isa = PBXBuildFile; fileRef = 9CE26459211A917C00DD178E /* MVPRegistViewController.swift */; };
		9CE2645C211A918B00DD178E /* MVPRegistPresenter.swift in Sources */ = {isa = PBXBuildFile; fileRef = 9CE2645B211A918B00DD178E /* MVPRegistPresenter.swift */; };
		9CE2645E211A919900DD178E /* MVPRegistModel.swift in Sources */ = {isa = PBXBuildFile; fileRef = 9CE2645D211A919900DD178E /* MVPRegistModel.swift */; };
		9CEB1C702195F6A200ECF364 /* StackView.storyboard in Resources */ = {isa = PBXBuildFile; fileRef = 9CEB1C6F2195F6A200ECF364 /* StackView.storyboard */; };
		9CEB1C722195F6DB00ECF364 /* StackViewController.swift in Sources */ = {isa = PBXBuildFile; fileRef = 9CEB1C712195F6DB00ECF364 /* StackViewController.swift */; };
		9CFA441B221C5C2A00CA07CD /* Celebrity.swift in Sources */ = {isa = PBXBuildFile; fileRef = 9CFA441A221C5C2A00CA07CD /* Celebrity.swift */; };
		9CFE3DE4224E05F900809567 /* Barcode.storyboard in Resources */ = {isa = PBXBuildFile; fileRef = 9CFE3DE3224E05F900809567 /* Barcode.storyboard */; };
		9CFE3DE6224E060600809567 /* BarcodeViewController.swift in Sources */ = {isa = PBXBuildFile; fileRef = 9CFE3DE5224E060500809567 /* BarcodeViewController.swift */; };
		9CFF6AB321E49AE100E4097A /* CodeOnlyPickerView.swift in Sources */ = {isa = PBXBuildFile; fileRef = 9CFF6AB221E49AE100E4097A /* CodeOnlyPickerView.swift */; };
		9CFF6AB921E4A1AC00E4097A /* CodeOnlyPickerViewController.swift in Sources */ = {isa = PBXBuildFile; fileRef = 9CFF6AB821E4A1AC00E4097A /* CodeOnlyPickerViewController.swift */; };
		BD6A22A11BDA32E731DB140D /* Pods_FunctionConfirmTests.framework in Frameworks */ = {isa = PBXBuildFile; fileRef = 1CB16365F1F8113A9AD28629 /* Pods_FunctionConfirmTests.framework */; };
		CC1A8292F287035F7AB0A2D9 /* Pods_FunctionConfirm.framework in Frameworks */ = {isa = PBXBuildFile; fileRef = 86185E7441591B25CBAF36FE /* Pods_FunctionConfirm.framework */; };
/* End PBXBuildFile section */

/* Begin PBXContainerItemProxy section */
		2032A6ED20DCC9E80091952F /* PBXContainerItemProxy */ = {
			isa = PBXContainerItemProxy;
			containerPortal = 2032A6CD20DCC9E50091952F /* Project object */;
			proxyType = 1;
			remoteGlobalIDString = 2032A6D420DCC9E50091952F;
			remoteInfo = FunctionConfirm;
		};
		2032A6F820DCC9E80091952F /* PBXContainerItemProxy */ = {
			isa = PBXContainerItemProxy;
			containerPortal = 2032A6CD20DCC9E50091952F /* Project object */;
			proxyType = 1;
			remoteGlobalIDString = 2032A6D420DCC9E50091952F;
			remoteInfo = FunctionConfirm;
		};
/* End PBXContainerItemProxy section */

/* Begin PBXFileReference section */
		1CB16365F1F8113A9AD28629 /* Pods_FunctionConfirmTests.framework */ = {isa = PBXFileReference; explicitFileType = wrapper.framework; includeInIndex = 0; path = Pods_FunctionConfirmTests.framework; sourceTree = BUILT_PRODUCTS_DIR; };
		20037F9024290E9B009D5CF5 /* PresentTransitionFromRightViewController.swift */ = {isa = PBXFileReference; lastKnownFileType = sourcecode.swift; path = PresentTransitionFromRightViewController.swift; sourceTree = "<group>"; };
		20037F9224290EAC009D5CF5 /* PresentTransitionFromRight.storyboard */ = {isa = PBXFileReference; lastKnownFileType = file.storyboard; path = PresentTransitionFromRight.storyboard; sourceTree = "<group>"; };
		20037F9424291049009D5CF5 /* TestFirstViewController.swift */ = {isa = PBXFileReference; lastKnownFileType = sourcecode.swift; path = TestFirstViewController.swift; sourceTree = "<group>"; };
		20037F9624291058009D5CF5 /* TestFirst.storyboard */ = {isa = PBXFileReference; lastKnownFileType = file.storyboard; path = TestFirst.storyboard; sourceTree = "<group>"; };
		20037F9824291313009D5CF5 /* TestSecondViewController.swift */ = {isa = PBXFileReference; lastKnownFileType = sourcecode.swift; path = TestSecondViewController.swift; sourceTree = "<group>"; };
		20037F9A2429131F009D5CF5 /* TestSecond.storyboard */ = {isa = PBXFileReference; lastKnownFileType = file.storyboard; path = TestSecond.storyboard; sourceTree = "<group>"; };
		2032A6D520DCC9E50091952F /* FunctionConfirm.app */ = {isa = PBXFileReference; explicitFileType = wrapper.application; includeInIndex = 0; path = FunctionConfirm.app; sourceTree = BUILT_PRODUCTS_DIR; };
		2032A6D820DCC9E50091952F /* AppDelegate.swift */ = {isa = PBXFileReference; lastKnownFileType = sourcecode.swift; path = AppDelegate.swift; sourceTree = "<group>"; };
		2032A6DA20DCC9E50091952F /* MainViewController.swift */ = {isa = PBXFileReference; lastKnownFileType = sourcecode.swift; path = MainViewController.swift; sourceTree = "<group>"; };
		2032A6DD20DCC9E50091952F /* Base */ = {isa = PBXFileReference; lastKnownFileType = file.storyboard; name = Base; path = Base.lproj/Main.storyboard; sourceTree = "<group>"; };
		2032A6E020DCC9E50091952F /* FunctionConfirm.xcdatamodel */ = {isa = PBXFileReference; lastKnownFileType = wrapper.xcdatamodel; path = FunctionConfirm.xcdatamodel; sourceTree = "<group>"; };
		2032A6E220DCC9E70091952F /* Assets.xcassets */ = {isa = PBXFileReference; lastKnownFileType = folder.assetcatalog; path = Assets.xcassets; sourceTree = "<group>"; };
		2032A6E520DCC9E70091952F /* Base */ = {isa = PBXFileReference; lastKnownFileType = file.storyboard; name = Base; path = Base.lproj/LaunchScreen.storyboard; sourceTree = "<group>"; };
		2032A6E720DCC9E70091952F /* Info.plist */ = {isa = PBXFileReference; lastKnownFileType = text.plist.xml; path = Info.plist; sourceTree = "<group>"; };
		2032A6EC20DCC9E80091952F /* FunctionConfirmTests.xctest */ = {isa = PBXFileReference; explicitFileType = wrapper.cfbundle; includeInIndex = 0; path = FunctionConfirmTests.xctest; sourceTree = BUILT_PRODUCTS_DIR; };
		2032A6F220DCC9E80091952F /* Info.plist */ = {isa = PBXFileReference; lastKnownFileType = text.plist.xml; path = Info.plist; sourceTree = "<group>"; };
		2032A6F720DCC9E80091952F /* FunctionConfirmUITests.xctest */ = {isa = PBXFileReference; explicitFileType = wrapper.cfbundle; includeInIndex = 0; path = FunctionConfirmUITests.xctest; sourceTree = BUILT_PRODUCTS_DIR; };
		2032A6FB20DCC9E80091952F /* FunctionConfirmUITests.swift */ = {isa = PBXFileReference; lastKnownFileType = sourcecode.swift; path = FunctionConfirmUITests.swift; sourceTree = "<group>"; };
		2032A6FD20DCC9E80091952F /* Info.plist */ = {isa = PBXFileReference; lastKnownFileType = text.plist.xml; path = Info.plist; sourceTree = "<group>"; };
		2032A70D20DCDD1C0091952F /* CustomePickerView.swift */ = {isa = PBXFileReference; lastKnownFileType = sourcecode.swift; path = CustomePickerView.swift; sourceTree = "<group>"; };
		2032A70F20DCDD370091952F /* Picker.storyboard */ = {isa = PBXFileReference; lastKnownFileType = file.storyboard; path = Picker.storyboard; sourceTree = "<group>"; };
		2032A71120DCDD680091952F /* CustomPickerView.xib */ = {isa = PBXFileReference; lastKnownFileType = file.xib; path = CustomPickerView.xib; sourceTree = "<group>"; };
		2032A71320DCE0180091952F /* PickerViewController.swift */ = {isa = PBXFileReference; lastKnownFileType = sourcecode.swift; path = PickerViewController.swift; sourceTree = "<group>"; };
		203AFD472344EA330021FA9A /* RoundedCornerButton.swift */ = {isa = PBXFileReference; lastKnownFileType = sourcecode.swift; path = RoundedCornerButton.swift; sourceTree = "<group>"; };
		20521A5120DF50BB00621136 /* NibLoadable.swift */ = {isa = PBXFileReference; lastKnownFileType = sourcecode.swift; path = NibLoadable.swift; sourceTree = "<group>"; };
		208CE613234753F60024AE3A /* ImageButton.swift */ = {isa = PBXFileReference; lastKnownFileType = sourcecode.swift; path = ImageButton.swift; sourceTree = "<group>"; };
		20B015522436FCB4008DA31D /* SemiModalViewController.swift */ = {isa = PBXFileReference; lastKnownFileType = sourcecode.swift; path = SemiModalViewController.swift; sourceTree = "<group>"; };
		20B015542436FCC1008DA31D /* SemiModal.storyboard */ = {isa = PBXFileReference; lastKnownFileType = file.storyboard; path = SemiModal.storyboard; sourceTree = "<group>"; };
		20E35063232A28F50057A561 /* TimerViewController.swift */ = {isa = PBXFileReference; lastKnownFileType = sourcecode.swift; path = TimerViewController.swift; sourceTree = "<group>"; };
		20E35065232A29090057A561 /* TimerView.storyboard */ = {isa = PBXFileReference; lastKnownFileType = file.storyboard; path = TimerView.storyboard; sourceTree = "<group>"; };
		36AAEDA64165B12B029D3C83 /* Pods-FunctionConfirm.debug.xcconfig */ = {isa = PBXFileReference; includeInIndex = 1; lastKnownFileType = text.xcconfig; name = "Pods-FunctionConfirm.debug.xcconfig"; path = "Pods/Target Support Files/Pods-FunctionConfirm/Pods-FunctionConfirm.debug.xcconfig"; sourceTree = "<group>"; };
		7B67232020E0BF0300D8A5A3 /* ScreenTransitionViewController.swift */ = {isa = PBXFileReference; lastKnownFileType = sourcecode.swift; path = ScreenTransitionViewController.swift; sourceTree = "<group>"; };
		7B67232220E0BF3D00D8A5A3 /* DisplayViewController.swift */ = {isa = PBXFileReference; lastKnownFileType = sourcecode.swift; path = DisplayViewController.swift; sourceTree = "<group>"; };
		7B67232420E0BF5C00D8A5A3 /* ScreenTransition.storyboard */ = {isa = PBXFileReference; lastKnownFileType = file.storyboard; path = ScreenTransition.storyboard; sourceTree = "<group>"; };
		7B67232720E0D41600D8A5A3 /* GitHubRepositoryListViewController.swift */ = {isa = PBXFileReference; lastKnownFileType = sourcecode.swift; path = GitHubRepositoryListViewController.swift; sourceTree = "<group>"; };
		7B67232920E0D43800D8A5A3 /* GitHubRepositoryList.storyboard */ = {isa = PBXFileReference; lastKnownFileType = file.storyboard; path = GitHubRepositoryList.storyboard; sourceTree = "<group>"; };
		7B67232B20E0D78300D8A5A3 /* GitHubRepositoryModel.swift */ = {isa = PBXFileReference; lastKnownFileType = sourcecode.swift; path = GitHubRepositoryModel.swift; sourceTree = "<group>"; };
		7B67232E20E1E13B00D8A5A3 /* QiitaListViewController.swift */ = {isa = PBXFileReference; lastKnownFileType = sourcecode.swift; path = QiitaListViewController.swift; sourceTree = "<group>"; };
		7B67233020E1E14700D8A5A3 /* QiitaList.storyboard */ = {isa = PBXFileReference; lastKnownFileType = file.storyboard; path = QiitaList.storyboard; sourceTree = "<group>"; };
		7B67233220E1E71D00D8A5A3 /* QiitaListViewModel.swift */ = {isa = PBXFileReference; lastKnownFileType = sourcecode.swift; path = QiitaListViewModel.swift; sourceTree = "<group>"; };
		7B67233420E1E72800D8A5A3 /* QiitaListModel.swift */ = {isa = PBXFileReference; lastKnownFileType = sourcecode.swift; path = QiitaListModel.swift; sourceTree = "<group>"; };
		7B67233620E1EC7C00D8A5A3 /* QiitaListApiRequest.swift */ = {isa = PBXFileReference; lastKnownFileType = sourcecode.swift; path = QiitaListApiRequest.swift; sourceTree = "<group>"; };
		7B67233820E1ECE500D8A5A3 /* QiitaListElement.swift */ = {isa = PBXFileReference; lastKnownFileType = sourcecode.swift; path = QiitaListElement.swift; sourceTree = "<group>"; };
		7B67233A20E200B500D8A5A3 /* DecodableDataParser.swift */ = {isa = PBXFileReference; lastKnownFileType = sourcecode.swift; path = DecodableDataParser.swift; sourceTree = "<group>"; };
		7B67233C20E200FF00D8A5A3 /* QiitaListRequest.swift */ = {isa = PBXFileReference; lastKnownFileType = sourcecode.swift; path = QiitaListRequest.swift; sourceTree = "<group>"; };
		86185E7441591B25CBAF36FE /* Pods_FunctionConfirm.framework */ = {isa = PBXFileReference; explicitFileType = wrapper.framework; includeInIndex = 0; path = Pods_FunctionConfirm.framework; sourceTree = BUILT_PRODUCTS_DIR; };
		9C096C42211C26C8008DB26D /* RESTfulAPIRequest.swift */ = {isa = PBXFileReference; lastKnownFileType = sourcecode.swift; path = RESTfulAPIRequest.swift; sourceTree = "<group>"; };
		9C096C44211C26E8008DB26D /* Item.swift */ = {isa = PBXFileReference; lastKnownFileType = sourcecode.swift; path = Item.swift; sourceTree = "<group>"; };
		9C5EBBB9213F6B360085B838 /* ItemRequest.swift */ = {isa = PBXFileReference; lastKnownFileType = sourcecode.swift; path = ItemRequest.swift; sourceTree = "<group>"; };
		9C62DA2D227C4BA3002DEA7C /* MVVMSubmitViewController.swift */ = {isa = PBXFileReference; fileEncoding = 4; lastKnownFileType = sourcecode.swift; path = MVVMSubmitViewController.swift; sourceTree = "<group>"; };
		9C62DA2E227C4BA3002DEA7C /* MVVMListTableViewCell.swift */ = {isa = PBXFileReference; fileEncoding = 4; lastKnownFileType = sourcecode.swift; path = MVVMListTableViewCell.swift; sourceTree = "<group>"; };
		9C62DA2F227C4BA3002DEA7C /* MVVMListTableViewCell.xib */ = {isa = PBXFileReference; fileEncoding = 4; lastKnownFileType = file.xib; path = MVVMListTableViewCell.xib; sourceTree = "<group>"; };
		9C62DA30227C4BA3002DEA7C /* MVVMListViewController.swift */ = {isa = PBXFileReference; fileEncoding = 4; lastKnownFileType = sourcecode.swift; path = MVVMListViewController.swift; sourceTree = "<group>"; };
		9C62DA31227C4BA3002DEA7C /* MVVMViewController.storyboard */ = {isa = PBXFileReference; fileEncoding = 4; lastKnownFileType = file.storyboard; path = MVVMViewController.storyboard; sourceTree = "<group>"; };
		9C62DA32227C4BA4002DEA7C /* MVVMListViewModel.swift */ = {isa = PBXFileReference; fileEncoding = 4; lastKnownFileType = sourcecode.swift; path = MVVMListViewModel.swift; sourceTree = "<group>"; };
		9C62DA33227C4BA4002DEA7C /* MVVMSubmitViewController.storyboard */ = {isa = PBXFileReference; fileEncoding = 4; lastKnownFileType = file.storyboard; path = MVVMSubmitViewController.storyboard; sourceTree = "<group>"; };
		9C62DA34227C4BA4002DEA7C /* MVVMViewState.swift */ = {isa = PBXFileReference; fileEncoding = 4; lastKnownFileType = sourcecode.swift; path = MVVMViewState.swift; sourceTree = "<group>"; };
		9C62DA35227C4BA4002DEA7C /* ItemRx.swift */ = {isa = PBXFileReference; fileEncoding = 4; lastKnownFileType = sourcecode.swift; path = ItemRx.swift; sourceTree = "<group>"; };
		9C62DA36227C4BA4002DEA7C /* ItemAPIRequestRx.swift */ = {isa = PBXFileReference; fileEncoding = 4; lastKnownFileType = sourcecode.swift; path = ItemAPIRequestRx.swift; sourceTree = "<group>"; };
		9C62DA37227C4BA4002DEA7C /* MVVMSubmitViewModel.swift */ = {isa = PBXFileReference; fileEncoding = 4; lastKnownFileType = sourcecode.swift; path = MVVMSubmitViewModel.swift; sourceTree = "<group>"; };
		9C660DEE21DD45B4003BF811 /* StoryboardLoadable.swift */ = {isa = PBXFileReference; lastKnownFileType = sourcecode.swift; path = StoryboardLoadable.swift; sourceTree = "<group>"; };
		9C660DF021DD45F3003BF811 /* UIStoryboard+Name.swift */ = {isa = PBXFileReference; lastKnownFileType = sourcecode.swift; path = "UIStoryboard+Name.swift"; sourceTree = "<group>"; };
		9C660DF921DF5DE3003BF811 /* SubmitButton.swift */ = {isa = PBXFileReference; lastKnownFileType = sourcecode.swift; path = SubmitButton.swift; sourceTree = "<group>"; };
		9C660DFB21DF5E54003BF811 /* UIImage+Color.swift */ = {isa = PBXFileReference; lastKnownFileType = sourcecode.swift; path = "UIImage+Color.swift"; sourceTree = "<group>"; };
		9C69834822700E2F00DC8C93 /* CameraMainFunctionViewController.swift */ = {isa = PBXFileReference; lastKnownFileType = sourcecode.swift; path = CameraMainFunctionViewController.swift; sourceTree = "<group>"; };
		9C69834A22700E3700DC8C93 /* CameraMainFunction.storyboard */ = {isa = PBXFileReference; lastKnownFileType = file.storyboard; path = CameraMainFunction.storyboard; sourceTree = "<group>"; };
		9C6ADAB621E1C20400EC4494 /* MVVMListViewModelText.swift */ = {isa = PBXFileReference; lastKnownFileType = sourcecode.swift; path = MVVMListViewModelText.swift; sourceTree = "<group>"; };
		9C6ADAB821E1C21800EC4494 /* MVVMSubmitViewModelTest.swift */ = {isa = PBXFileReference; lastKnownFileType = sourcecode.swift; path = MVVMSubmitViewModelTest.swift; sourceTree = "<group>"; };
		9C78A29E221494090036D3FD /* RoundedCornerViewController.swift */ = {isa = PBXFileReference; lastKnownFileType = sourcecode.swift; path = RoundedCornerViewController.swift; sourceTree = "<group>"; };
		9C78A2A02214941A0036D3FD /* RoundedCorner.storyboard */ = {isa = PBXFileReference; lastKnownFileType = file.storyboard; path = RoundedCorner.storyboard; sourceTree = "<group>"; };
		9C78A2A32214990A0036D3FD /* AnimationFirstViewController.swift */ = {isa = PBXFileReference; lastKnownFileType = sourcecode.swift; path = AnimationFirstViewController.swift; sourceTree = "<group>"; };
		9C78A2A5221499160036D3FD /* Animation.storyboard */ = {isa = PBXFileReference; lastKnownFileType = file.storyboard; path = Animation.storyboard; sourceTree = "<group>"; };
		9C78A2A722149CDC0036D3FD /* AnimationPageViewController.swift */ = {isa = PBXFileReference; lastKnownFileType = sourcecode.swift; path = AnimationPageViewController.swift; sourceTree = "<group>"; };
		9C78A2A922149F0F0036D3FD /* AnimationSecondViewController.swift */ = {isa = PBXFileReference; lastKnownFileType = sourcecode.swift; path = AnimationSecondViewController.swift; sourceTree = "<group>"; };
		9C78A2AB22149F1B0036D3FD /* AnimationThirdViewController.swift */ = {isa = PBXFileReference; lastKnownFileType = sourcecode.swift; path = AnimationThirdViewController.swift; sourceTree = "<group>"; };
		9C78A2AD22152C5F0036D3FD /* AnimationFourthViewController.swift */ = {isa = PBXFileReference; lastKnownFileType = sourcecode.swift; path = AnimationFourthViewController.swift; sourceTree = "<group>"; };
		9C78A2AF22194BA60036D3FD /* AnimationFifthViewController.swift */ = {isa = PBXFileReference; lastKnownFileType = sourcecode.swift; path = AnimationFifthViewController.swift; sourceTree = "<group>"; };
		9C78A2B122194BB50036D3FD /* AnimationSixthViewController.swift */ = {isa = PBXFileReference; lastKnownFileType = sourcecode.swift; path = AnimationSixthViewController.swift; sourceTree = "<group>"; };
		9C78A2B322194BC50036D3FD /* AnimationSeventhViewController.swift */ = {isa = PBXFileReference; lastKnownFileType = sourcecode.swift; path = AnimationSeventhViewController.swift; sourceTree = "<group>"; };
		9C78A2B522194C060036D3FD /* AnimationEighthViewController.swift */ = {isa = PBXFileReference; lastKnownFileType = sourcecode.swift; path = AnimationEighthViewController.swift; sourceTree = "<group>"; };
		9C827A32213EB56600E72FDA /* ItemResponse.swift */ = {isa = PBXFileReference; lastKnownFileType = sourcecode.swift; path = ItemResponse.swift; sourceTree = "<group>"; };
		9C87B27321F5966100A50985 /* StatusBar.storyboard */ = {isa = PBXFileReference; lastKnownFileType = file.storyboard; path = StatusBar.storyboard; sourceTree = "<group>"; };
		9C87B27521F5967100A50985 /* StatusBarViewController.swift */ = {isa = PBXFileReference; lastKnownFileType = sourcecode.swift; path = StatusBarViewController.swift; sourceTree = "<group>"; };
		9C91E4B32209DD490021E1BC /* AWSRekognition.storyboard */ = {isa = PBXFileReference; lastKnownFileType = file.storyboard; path = AWSRekognition.storyboard; sourceTree = "<group>"; };
		9C91E4B52209DD6D0021E1BC /* FaceTrackingHomeViewController.swift */ = {isa = PBXFileReference; lastKnownFileType = sourcecode.swift; path = FaceTrackingHomeViewController.swift; sourceTree = "<group>"; };
		9CB8082321F716AB00DAD155 /* StatusBarPopupViewController.swift */ = {isa = PBXFileReference; lastKnownFileType = sourcecode.swift; path = StatusBarPopupViewController.swift; sourceTree = "<group>"; };
		9CB8082521F751A900DAD155 /* StatusBarThirdViewController.swift */ = {isa = PBXFileReference; lastKnownFileType = sourcecode.swift; path = StatusBarThirdViewController.swift; sourceTree = "<group>"; };
		9CB8082721F753C900DAD155 /* StatusBarPopup2ViewController.xib */ = {isa = PBXFileReference; lastKnownFileType = file.xib; path = StatusBarPopup2ViewController.xib; sourceTree = "<group>"; };
		9CB8082921F7540E00DAD155 /* StatusBarPopup2ViewController.swift */ = {isa = PBXFileReference; lastKnownFileType = sourcecode.swift; path = StatusBarPopup2ViewController.swift; sourceTree = "<group>"; };
		9CB8082F21F8229600DAD155 /* UIApplication+topViewController.swift */ = {isa = PBXFileReference; lastKnownFileType = sourcecode.swift; path = "UIApplication+topViewController.swift"; sourceTree = "<group>"; };
		9CB8083421F8236000DAD155 /* StatusBar2Manager.swift */ = {isa = PBXFileReference; lastKnownFileType = sourcecode.swift; path = StatusBar2Manager.swift; sourceTree = "<group>"; };
		9CB8083721F8283900DAD155 /* StatusBarForthViewController.swift */ = {isa = PBXFileReference; lastKnownFileType = sourcecode.swift; path = StatusBarForthViewController.swift; sourceTree = "<group>"; };
		9CB8083921F832BA00DAD155 /* StatusBar3Manager.swift */ = {isa = PBXFileReference; lastKnownFileType = sourcecode.swift; path = StatusBar3Manager.swift; sourceTree = "<group>"; };
		9CB8083B21F8330B00DAD155 /* StatusBarPopup3ViewController.swift */ = {isa = PBXFileReference; lastKnownFileType = sourcecode.swift; path = StatusBarPopup3ViewController.swift; sourceTree = "<group>"; };
		9CB8083D21F8332300DAD155 /* StatusBarPopup3ViewController.xib */ = {isa = PBXFileReference; lastKnownFileType = file.xib; path = StatusBarPopup3ViewController.xib; sourceTree = "<group>"; };
		9CB8083F21F8349700DAD155 /* StatusBar3NavigationViewController.swift */ = {isa = PBXFileReference; lastKnownFileType = sourcecode.swift; path = StatusBar3NavigationViewController.swift; sourceTree = "<group>"; };
		9CCC0AF821199EFD007EFE26 /* MVP.storyboard */ = {isa = PBXFileReference; lastKnownFileType = file.storyboard; path = MVP.storyboard; sourceTree = "<group>"; };
		9CCC0AFA21199F72007EFE26 /* MVPViewController.swift */ = {isa = PBXFileReference; lastKnownFileType = sourcecode.swift; path = MVPViewController.swift; sourceTree = "<group>"; };
		9CCCA877224F39DF00FCAB03 /* Barcode2.storyboard */ = {isa = PBXFileReference; lastKnownFileType = file.storyboard; path = Barcode2.storyboard; sourceTree = "<group>"; };
		9CCCA879224F39E900FCAB03 /* Barcode2ViewController.swift */ = {isa = PBXFileReference; lastKnownFileType = sourcecode.swift; path = Barcode2ViewController.swift; sourceTree = "<group>"; };
		9CD30C7321F6FCCB00D6184A /* StatusBarInNavigation.storyboard */ = {isa = PBXFileReference; lastKnownFileType = file.storyboard; path = StatusBarInNavigation.storyboard; sourceTree = "<group>"; };
		9CD30C7521F6FCDE00D6184A /* StatusBarInNavigationViewController.swift */ = {isa = PBXFileReference; lastKnownFileType = sourcecode.swift; path = StatusBarInNavigationViewController.swift; sourceTree = "<group>"; };
		9CD30C7721F6FCFD00D6184A /* StatusBarInTabBar.storyboard */ = {isa = PBXFileReference; lastKnownFileType = file.storyboard; path = StatusBarInTabBar.storyboard; sourceTree = "<group>"; };
		9CD30C7921F6FD0F00D6184A /* StatusBarInTabBarViewController.swift */ = {isa = PBXFileReference; lastKnownFileType = sourcecode.swift; path = StatusBarInTabBarViewController.swift; sourceTree = "<group>"; };
		9CD30C7B21F6FE8E00D6184A /* StatusBarFirstViewController.swift */ = {isa = PBXFileReference; lastKnownFileType = sourcecode.swift; path = StatusBarFirstViewController.swift; sourceTree = "<group>"; };
		9CD30C7D21F6FE9A00D6184A /* StatusBarSecondViewController.swift */ = {isa = PBXFileReference; lastKnownFileType = sourcecode.swift; path = StatusBarSecondViewController.swift; sourceTree = "<group>"; };
		9CD30C7F21F7100B00D6184A /* UINavigationController+StatusBarStyle.swift */ = {isa = PBXFileReference; lastKnownFileType = sourcecode.swift; path = "UINavigationController+StatusBarStyle.swift"; sourceTree = "<group>"; };
		9CD30C8121F7149A00D6184A /* StatusBarPopupViewController.xib */ = {isa = PBXFileReference; lastKnownFileType = file.xib; path = StatusBarPopupViewController.xib; sourceTree = "<group>"; };
		9CDB1B4F22749A72004EFB68 /* ReViewController.swift */ = {isa = PBXFileReference; lastKnownFileType = sourcecode.swift; path = ReViewController.swift; sourceTree = "<group>"; };
		9CDB1B5122749A80004EFB68 /* ReViewController.storyboard */ = {isa = PBXFileReference; lastKnownFileType = file.storyboard; path = ReViewController.storyboard; sourceTree = "<group>"; };
		9CDB1B5322749D6F004EFB68 /* String+Random.swift */ = {isa = PBXFileReference; lastKnownFileType = sourcecode.swift; path = "String+Random.swift"; sourceTree = "<group>"; };
		9CDB1B5722749E40004EFB68 /* AppState.swift */ = {isa = PBXFileReference; lastKnownFileType = sourcecode.swift; path = AppState.swift; sourceTree = "<group>"; };
		9CDB1B5922749F69004EFB68 /* CounterReducer.swift */ = {isa = PBXFileReference; lastKnownFileType = sourcecode.swift; path = CounterReducer.swift; sourceTree = "<group>"; };
		9CDB1B5B22749F88004EFB68 /* Actions.swift */ = {isa = PBXFileReference; lastKnownFileType = sourcecode.swift; path = Actions.swift; sourceTree = "<group>"; };
		9CDB1B5D2274B070004EFB68 /* Store.swift */ = {isa = PBXFileReference; lastKnownFileType = sourcecode.swift; path = Store.swift; sourceTree = "<group>"; };
		9CE26449211A74D100DD178E /* MVPPresenter.swift */ = {isa = PBXFileReference; lastKnownFileType = sourcecode.swift; path = MVPPresenter.swift; sourceTree = "<group>"; };
		9CE2644B211A818A00DD178E /* MVPModel.swift */ = {isa = PBXFileReference; lastKnownFileType = sourcecode.swift; path = MVPModel.swift; sourceTree = "<group>"; };
		9CE2644D211A85E500DD178E /* MVPTableCell.swift */ = {isa = PBXFileReference; lastKnownFileType = sourcecode.swift; path = MVPTableCell.swift; sourceTree = "<group>"; };
		9CE2644F211A890900DD178E /* UITableView+Addition.swift */ = {isa = PBXFileReference; lastKnownFileType = sourcecode.swift; path = "UITableView+Addition.swift"; sourceTree = "<group>"; };
		9CE26451211A894100DD178E /* UITableViewCell+Addition.swift */ = {isa = PBXFileReference; lastKnownFileType = sourcecode.swift; path = "UITableViewCell+Addition.swift"; sourceTree = "<group>"; };
		9CE26453211A896C00DD178E /* UITableViewHeaderFooterView+Addition.swift */ = {isa = PBXFileReference; lastKnownFileType = sourcecode.swift; path = "UITableViewHeaderFooterView+Addition.swift"; sourceTree = "<group>"; };
		9CE26455211A8FB300DD178E /* UIColor+Addition.swift */ = {isa = PBXFileReference; lastKnownFileType = sourcecode.swift; path = "UIColor+Addition.swift"; sourceTree = "<group>"; };
		9CE26459211A917C00DD178E /* MVPRegistViewController.swift */ = {isa = PBXFileReference; lastKnownFileType = sourcecode.swift; path = MVPRegistViewController.swift; sourceTree = "<group>"; };
		9CE2645B211A918B00DD178E /* MVPRegistPresenter.swift */ = {isa = PBXFileReference; lastKnownFileType = sourcecode.swift; path = MVPRegistPresenter.swift; sourceTree = "<group>"; };
		9CE2645D211A919900DD178E /* MVPRegistModel.swift */ = {isa = PBXFileReference; lastKnownFileType = sourcecode.swift; path = MVPRegistModel.swift; sourceTree = "<group>"; };
		9CEB1C6F2195F6A200ECF364 /* StackView.storyboard */ = {isa = PBXFileReference; lastKnownFileType = file.storyboard; path = StackView.storyboard; sourceTree = "<group>"; };
		9CEB1C712195F6DB00ECF364 /* StackViewController.swift */ = {isa = PBXFileReference; lastKnownFileType = sourcecode.swift; path = StackViewController.swift; sourceTree = "<group>"; };
		9CFA441A221C5C2A00CA07CD /* Celebrity.swift */ = {isa = PBXFileReference; lastKnownFileType = sourcecode.swift; path = Celebrity.swift; sourceTree = "<group>"; };
		9CFE3DE3224E05F900809567 /* Barcode.storyboard */ = {isa = PBXFileReference; lastKnownFileType = file.storyboard; path = Barcode.storyboard; sourceTree = "<group>"; };
		9CFE3DE5224E060500809567 /* BarcodeViewController.swift */ = {isa = PBXFileReference; lastKnownFileType = sourcecode.swift; path = BarcodeViewController.swift; sourceTree = "<group>"; };
		9CFF6AB221E49AE100E4097A /* CodeOnlyPickerView.swift */ = {isa = PBXFileReference; lastKnownFileType = sourcecode.swift; path = CodeOnlyPickerView.swift; sourceTree = "<group>"; };
		9CFF6AB621E4A19900E4097A /* CodeOnlyPickerViewController.storyboard */ = {isa = PBXFileReference; lastKnownFileType = file.storyboard; path = CodeOnlyPickerViewController.storyboard; sourceTree = "<group>"; };
		9CFF6AB821E4A1AC00E4097A /* CodeOnlyPickerViewController.swift */ = {isa = PBXFileReference; lastKnownFileType = sourcecode.swift; path = CodeOnlyPickerViewController.swift; sourceTree = "<group>"; };
		9F999D8D35C57390F5AF55FA /* Pods-FunctionConfirmTests.release.xcconfig */ = {isa = PBXFileReference; includeInIndex = 1; lastKnownFileType = text.xcconfig; name = "Pods-FunctionConfirmTests.release.xcconfig"; path = "Pods/Target Support Files/Pods-FunctionConfirmTests/Pods-FunctionConfirmTests.release.xcconfig"; sourceTree = "<group>"; };
		B0EF827F6E003F3185FD0CCE /* Pods-FunctionConfirm.release.xcconfig */ = {isa = PBXFileReference; includeInIndex = 1; lastKnownFileType = text.xcconfig; name = "Pods-FunctionConfirm.release.xcconfig"; path = "Pods/Target Support Files/Pods-FunctionConfirm/Pods-FunctionConfirm.release.xcconfig"; sourceTree = "<group>"; };
		BD616033D16449827D6A695F /* Pods-FunctionConfirmTests.debug.xcconfig */ = {isa = PBXFileReference; includeInIndex = 1; lastKnownFileType = text.xcconfig; name = "Pods-FunctionConfirmTests.debug.xcconfig"; path = "Pods/Target Support Files/Pods-FunctionConfirmTests/Pods-FunctionConfirmTests.debug.xcconfig"; sourceTree = "<group>"; };
/* End PBXFileReference section */

/* Begin PBXFrameworksBuildPhase section */
		2032A6D220DCC9E50091952F /* Frameworks */ = {
			isa = PBXFrameworksBuildPhase;
			buildActionMask = 2147483647;
			files = (
				CC1A8292F287035F7AB0A2D9 /* Pods_FunctionConfirm.framework in Frameworks */,
			);
			runOnlyForDeploymentPostprocessing = 0;
		};
		2032A6E920DCC9E80091952F /* Frameworks */ = {
			isa = PBXFrameworksBuildPhase;
			buildActionMask = 2147483647;
			files = (
				BD6A22A11BDA32E731DB140D /* Pods_FunctionConfirmTests.framework in Frameworks */,
			);
			runOnlyForDeploymentPostprocessing = 0;
		};
		2032A6F420DCC9E80091952F /* Frameworks */ = {
			isa = PBXFrameworksBuildPhase;
			buildActionMask = 2147483647;
			files = (
			);
			runOnlyForDeploymentPostprocessing = 0;
		};
/* End PBXFrameworksBuildPhase section */

/* Begin PBXGroup section */
		20037F8F24290E76009D5CF5 /* PresentTransitionFromRight */ = {
			isa = PBXGroup;
			children = (
				20037F9024290E9B009D5CF5 /* PresentTransitionFromRightViewController.swift */,
				20037F9224290EAC009D5CF5 /* PresentTransitionFromRight.storyboard */,
				20037F9424291049009D5CF5 /* TestFirstViewController.swift */,
				20037F9624291058009D5CF5 /* TestFirst.storyboard */,
				20037F9824291313009D5CF5 /* TestSecondViewController.swift */,
				20037F9A2429131F009D5CF5 /* TestSecond.storyboard */,
			);
			path = PresentTransitionFromRight;
			sourceTree = "<group>";
		};
		2032A6CC20DCC9E50091952F = {
			isa = PBXGroup;
			children = (
				2032A6D720DCC9E50091952F /* FunctionConfirm */,
				2032A6EF20DCC9E80091952F /* FunctionConfirmTests */,
				2032A6FA20DCC9E80091952F /* FunctionConfirmUITests */,
				2032A6D620DCC9E50091952F /* Products */,
				F7CFB3FF5DBC8E92B546F54E /* Pods */,
				7F5A2E3764CA968357E66040 /* Frameworks */,
			);
			sourceTree = "<group>";
		};
		2032A6D620DCC9E50091952F /* Products */ = {
			isa = PBXGroup;
			children = (
				2032A6D520DCC9E50091952F /* FunctionConfirm.app */,
				2032A6EC20DCC9E80091952F /* FunctionConfirmTests.xctest */,
				2032A6F720DCC9E80091952F /* FunctionConfirmUITests.xctest */,
			);
			name = Products;
			sourceTree = "<group>";
		};
		2032A6D720DCC9E50091952F /* FunctionConfirm */ = {
			isa = PBXGroup;
			children = (
				2032A6E720DCC9E70091952F /* Info.plist */,
				2032A70920DCCA5D0091952F /* AppDelegate */,
				2032A70A20DCCA750091952F /* Main */,
				9C78A29622147A960036D3FD /* Classes */,
				9C78A29722147B4E0036D3FD /* Protocol */,
				20521A5020DF50A500621136 /* Extension */,
				2032A70B20DCCA8A0091952F /* CoreData */,
				7B67231E20E0BC5700D8A5A3 /* Resource */,
			);
			path = FunctionConfirm;
			sourceTree = "<group>";
		};
		2032A6EF20DCC9E80091952F /* FunctionConfirmTests */ = {
			isa = PBXGroup;
			children = (
				2032A6F220DCC9E80091952F /* Info.plist */,
				9C78A29822147CCD0036D3FD /* MVVM */,
			);
			path = FunctionConfirmTests;
			sourceTree = "<group>";
		};
		2032A6FA20DCC9E80091952F /* FunctionConfirmUITests */ = {
			isa = PBXGroup;
			children = (
				2032A6FD20DCC9E80091952F /* Info.plist */,
				2032A6FB20DCC9E80091952F /* FunctionConfirmUITests.swift */,
			);
			path = FunctionConfirmUITests;
			sourceTree = "<group>";
		};
		2032A70920DCCA5D0091952F /* AppDelegate */ = {
			isa = PBXGroup;
			children = (
				2032A6D820DCC9E50091952F /* AppDelegate.swift */,
			);
			path = AppDelegate;
			sourceTree = "<group>";
		};
		2032A70A20DCCA750091952F /* Main */ = {
			isa = PBXGroup;
			children = (
				2032A6DA20DCC9E50091952F /* MainViewController.swift */,
				2032A6DC20DCC9E50091952F /* Main.storyboard */,
				2032A6E420DCC9E70091952F /* LaunchScreen.storyboard */,
			);
			path = Main;
			sourceTree = "<group>";
		};
		2032A70B20DCCA8A0091952F /* CoreData */ = {
			isa = PBXGroup;
			children = (
				2032A6DF20DCC9E50091952F /* FunctionConfirm.xcdatamodeld */,
			);
			path = CoreData;
			sourceTree = "<group>";
		};
		20521A5020DF50A500621136 /* Extension */ = {
			isa = PBXGroup;
			children = (
				9CB8082F21F8229600DAD155 /* UIApplication+topViewController.swift */,
				9CE26455211A8FB300DD178E /* UIColor+Addition.swift */,
				9C660DFB21DF5E54003BF811 /* UIImage+Color.swift */,
				9C660DF021DD45F3003BF811 /* UIStoryboard+Name.swift */,
				9CE2644F211A890900DD178E /* UITableView+Addition.swift */,
				9CE26451211A894100DD178E /* UITableViewCell+Addition.swift */,
				9CE26453211A896C00DD178E /* UITableViewHeaderFooterView+Addition.swift */,
				9CD30C7F21F7100B00D6184A /* UINavigationController+StatusBarStyle.swift */,
				9CDB1B5322749D6F004EFB68 /* String+Random.swift */,
			);
			path = Extension;
			sourceTree = "<group>";
		};
		20B015512436FC62008DA31D /* SemiModal */ = {
			isa = PBXGroup;
			children = (
				20B015522436FCB4008DA31D /* SemiModalViewController.swift */,
				20B015542436FCC1008DA31D /* SemiModal.storyboard */,
			);
			path = SemiModal;
			sourceTree = "<group>";
		};
		20E35062232A28E00057A561 /* Timer */ = {
			isa = PBXGroup;
			children = (
				20E35063232A28F50057A561 /* TimerViewController.swift */,
				20E35065232A29090057A561 /* TimerView.storyboard */,
			);
			path = Timer;
			sourceTree = "<group>";
		};
		7B67231E20E0BC5700D8A5A3 /* Resource */ = {
			isa = PBXGroup;
			children = (
				2032A6E220DCC9E70091952F /* Assets.xcassets */,
				9C660DF821DF5DBF003BF811 /* Views */,
			);
			path = Resource;
			sourceTree = "<group>";
		};
		7B67231F20E0BEE300D8A5A3 /* ScreenTransition */ = {
			isa = PBXGroup;
			children = (
				7B67232420E0BF5C00D8A5A3 /* ScreenTransition.storyboard */,
				7B67232020E0BF0300D8A5A3 /* ScreenTransitionViewController.swift */,
				7B67232220E0BF3D00D8A5A3 /* DisplayViewController.swift */,
			);
			path = ScreenTransition;
			sourceTree = "<group>";
		};
		7B67232620E0D3F500D8A5A3 /* GitHubRepositoryList */ = {
			isa = PBXGroup;
			children = (
				7B67232720E0D41600D8A5A3 /* GitHubRepositoryListViewController.swift */,
				7B67232B20E0D78300D8A5A3 /* GitHubRepositoryModel.swift */,
				7B67232920E0D43800D8A5A3 /* GitHubRepositoryList.storyboard */,
			);
			path = GitHubRepositoryList;
			sourceTree = "<group>";
		};
		7B67232D20E1E12300D8A5A3 /* QiitaList */ = {
			isa = PBXGroup;
			children = (
				7B67233020E1E14700D8A5A3 /* QiitaList.storyboard */,
				7B67232E20E1E13B00D8A5A3 /* QiitaListViewController.swift */,
				7B67233220E1E71D00D8A5A3 /* QiitaListViewModel.swift */,
				7B67233420E1E72800D8A5A3 /* QiitaListModel.swift */,
				7B67233620E1EC7C00D8A5A3 /* QiitaListApiRequest.swift */,
				7B67233820E1ECE500D8A5A3 /* QiitaListElement.swift */,
				7B67233A20E200B500D8A5A3 /* DecodableDataParser.swift */,
				7B67233C20E200FF00D8A5A3 /* QiitaListRequest.swift */,
			);
			path = QiitaList;
			sourceTree = "<group>";
		};
		7F5A2E3764CA968357E66040 /* Frameworks */ = {
			isa = PBXGroup;
			children = (
				86185E7441591B25CBAF36FE /* Pods_FunctionConfirm.framework */,
				1CB16365F1F8113A9AD28629 /* Pods_FunctionConfirmTests.framework */,
			);
			name = Frameworks;
			sourceTree = "<group>";
		};
		9C62DA16227C4B2D002DEA7C /* MVVM */ = {
			isa = PBXGroup;
			children = (
				9C62DA36227C4BA4002DEA7C /* ItemAPIRequestRx.swift */,
				9C62DA35227C4BA4002DEA7C /* ItemRx.swift */,
				9C62DA2E227C4BA3002DEA7C /* MVVMListTableViewCell.swift */,
				9C62DA2F227C4BA3002DEA7C /* MVVMListTableViewCell.xib */,
				9C62DA30227C4BA3002DEA7C /* MVVMListViewController.swift */,
				9C62DA32227C4BA4002DEA7C /* MVVMListViewModel.swift */,
				9C62DA33227C4BA4002DEA7C /* MVVMSubmitViewController.storyboard */,
				9C62DA2D227C4BA3002DEA7C /* MVVMSubmitViewController.swift */,
				9C62DA37227C4BA4002DEA7C /* MVVMSubmitViewModel.swift */,
				9C62DA31227C4BA3002DEA7C /* MVVMViewController.storyboard */,
				9C62DA34227C4BA4002DEA7C /* MVVMViewState.swift */,
			);
			path = MVVM;
			sourceTree = "<group>";
		};
		9C660DF821DF5DBF003BF811 /* Views */ = {
			isa = PBXGroup;
			children = (
				9C660DF921DF5DE3003BF811 /* SubmitButton.swift */,
			);
			path = Views;
			sourceTree = "<group>";
		};
		9C69834622700E0300DC8C93 /* CameraMainFunction */ = {
			isa = PBXGroup;
			children = (
				9C69834822700E2F00DC8C93 /* CameraMainFunctionViewController.swift */,
				9C69834A22700E3700DC8C93 /* CameraMainFunction.storyboard */,
			);
			path = CameraMainFunction;
			sourceTree = "<group>";
		};
		9C78A29622147A960036D3FD /* Classes */ = {
			isa = PBXGroup;
			children = (
				7B67232620E0D3F500D8A5A3 /* GitHubRepositoryList */,
				7B67232D20E1E12300D8A5A3 /* QiitaList */,
				9CFF6AB421E4A14F00E4097A /* NibPickerView */,
				9CFF6AB521E4A15D00E4097A /* CodeOnlyPickerView */,
				7B67231F20E0BEE300D8A5A3 /* ScreenTransition */,
				9CCC0AF721199ECA007EFE26 /* MVP */,
				9C62DA16227C4B2D002DEA7C /* MVVM */,
				9CDB1B4E22749A47004EFB68 /* Redux */,
				9CEB1C6E2195F68900ECF364 /* StackView */,
				9C87B27221F5964A00A50985 /* StatusBar */,
				9CD30C7121F6FC6000D6184A /* StatusBarInNavigation */,
				9CD30C7221F6FC8400D6184A /* StatusBarInTabBar */,
				9C78A29D221493E80036D3FD /* RoundedCorner */,
				9C78A2A2221498690036D3FD /* Animation */,
				9C91E4B22209DC470021E1BC /* AWSRekognition */,
				9CFE3DE2224E05E500809567 /* Barcode */,
				9CCCA876224F39B400FCAB03 /* Barcode2 */,
				9C69834622700E0300DC8C93 /* CameraMainFunction */,
				20E35062232A28E00057A561 /* Timer */,
				20037F8F24290E76009D5CF5 /* PresentTransitionFromRight */,
				20B015512436FC62008DA31D /* SemiModal */,
			);
			path = Classes;
			sourceTree = "<group>";
		};
		9C78A29722147B4E0036D3FD /* Protocol */ = {
			isa = PBXGroup;
			children = (
				20521A5120DF50BB00621136 /* NibLoadable.swift */,
				9C660DEE21DD45B4003BF811 /* StoryboardLoadable.swift */,
			);
			path = Protocol;
			sourceTree = "<group>";
		};
		9C78A29822147CCD0036D3FD /* MVVM */ = {
			isa = PBXGroup;
			children = (
				9C6ADAB621E1C20400EC4494 /* MVVMListViewModelText.swift */,
				9C6ADAB821E1C21800EC4494 /* MVVMSubmitViewModelTest.swift */,
			);
			path = MVVM;
			sourceTree = "<group>";
		};
		9C78A29D221493E80036D3FD /* RoundedCorner */ = {
			isa = PBXGroup;
			children = (
				9C78A2A02214941A0036D3FD /* RoundedCorner.storyboard */,
				9C78A29E221494090036D3FD /* RoundedCornerViewController.swift */,
				203AFD472344EA330021FA9A /* RoundedCornerButton.swift */,
				208CE613234753F60024AE3A /* ImageButton.swift */,
			);
			path = RoundedCorner;
			sourceTree = "<group>";
		};
		9C78A2A2221498690036D3FD /* Animation */ = {
			isa = PBXGroup;
			children = (
				9C78A2A5221499160036D3FD /* Animation.storyboard */,
				9C78A2A722149CDC0036D3FD /* AnimationPageViewController.swift */,
				9C78A2A32214990A0036D3FD /* AnimationFirstViewController.swift */,
				9C78A2A922149F0F0036D3FD /* AnimationSecondViewController.swift */,
				9C78A2AB22149F1B0036D3FD /* AnimationThirdViewController.swift */,
				9C78A2AD22152C5F0036D3FD /* AnimationFourthViewController.swift */,
				9C78A2AF22194BA60036D3FD /* AnimationFifthViewController.swift */,
				9C78A2B122194BB50036D3FD /* AnimationSixthViewController.swift */,
				9C78A2B322194BC50036D3FD /* AnimationSeventhViewController.swift */,
				9C78A2B522194C060036D3FD /* AnimationEighthViewController.swift */,
			);
			path = Animation;
			sourceTree = "<group>";
		};
		9C87B27221F5964A00A50985 /* StatusBar */ = {
			isa = PBXGroup;
			children = (
				9C87B27321F5966100A50985 /* StatusBar.storyboard */,
				9C87B27521F5967100A50985 /* StatusBarViewController.swift */,
			);
			path = StatusBar;
			sourceTree = "<group>";
		};
		9C91E4B22209DC470021E1BC /* AWSRekognition */ = {
			isa = PBXGroup;
			children = (
				9C91E4B32209DD490021E1BC /* AWSRekognition.storyboard */,
				9C91E4B52209DD6D0021E1BC /* FaceTrackingHomeViewController.swift */,
				9CFA441A221C5C2A00CA07CD /* Celebrity.swift */,
			);
			path = AWSRekognition;
			sourceTree = "<group>";
		};
		9CB8083121F822F800DAD155 /* First */ = {
			isa = PBXGroup;
			children = (
				9CD30C7B21F6FE8E00D6184A /* StatusBarFirstViewController.swift */,
			);
			path = First;
			sourceTree = "<group>";
		};
		9CB8083221F8230100DAD155 /* Second */ = {
			isa = PBXGroup;
			children = (
				9CD30C7D21F6FE9A00D6184A /* StatusBarSecondViewController.swift */,
				9CD30C8121F7149A00D6184A /* StatusBarPopupViewController.xib */,
				9CB8082321F716AB00DAD155 /* StatusBarPopupViewController.swift */,
			);
			path = Second;
			sourceTree = "<group>";
		};
		9CB8083321F8230A00DAD155 /* Third */ = {
			isa = PBXGroup;
			children = (
				9CB8083421F8236000DAD155 /* StatusBar2Manager.swift */,
				9CB8082521F751A900DAD155 /* StatusBarThirdViewController.swift */,
				9CB8082721F753C900DAD155 /* StatusBarPopup2ViewController.xib */,
				9CB8082921F7540E00DAD155 /* StatusBarPopup2ViewController.swift */,
			);
			path = Third;
			sourceTree = "<group>";
		};
		9CB8083621F8281A00DAD155 /* Forth */ = {
			isa = PBXGroup;
			children = (
				9CB8083921F832BA00DAD155 /* StatusBar3Manager.swift */,
				9CB8083F21F8349700DAD155 /* StatusBar3NavigationViewController.swift */,
				9CB8083721F8283900DAD155 /* StatusBarForthViewController.swift */,
				9CB8083D21F8332300DAD155 /* StatusBarPopup3ViewController.xib */,
				9CB8083B21F8330B00DAD155 /* StatusBarPopup3ViewController.swift */,
			);
			path = Forth;
			sourceTree = "<group>";
		};
		9CCC0AF721199ECA007EFE26 /* MVP */ = {
			isa = PBXGroup;
			children = (
				9CCC0AF821199EFD007EFE26 /* MVP.storyboard */,
				9C827A32213EB56600E72FDA /* ItemResponse.swift */,
				9C5EBBB9213F6B360085B838 /* ItemRequest.swift */,
				9C096C44211C26E8008DB26D /* Item.swift */,
				9C096C42211C26C8008DB26D /* RESTfulAPIRequest.swift */,
				9CE26457211A90D000DD178E /* List */,
				9CE26458211A90DA00DD178E /* Regist */,
			);
			path = MVP;
			sourceTree = "<group>";
		};
		9CCCA876224F39B400FCAB03 /* Barcode2 */ = {
			isa = PBXGroup;
			children = (
				9CCCA877224F39DF00FCAB03 /* Barcode2.storyboard */,
				9CCCA879224F39E900FCAB03 /* Barcode2ViewController.swift */,
			);
			path = Barcode2;
			sourceTree = "<group>";
		};
		9CD30C7121F6FC6000D6184A /* StatusBarInNavigation */ = {
			isa = PBXGroup;
			children = (
				9CD30C7321F6FCCB00D6184A /* StatusBarInNavigation.storyboard */,
				9CD30C7521F6FCDE00D6184A /* StatusBarInNavigationViewController.swift */,
			);
			path = StatusBarInNavigation;
			sourceTree = "<group>";
		};
		9CD30C7221F6FC8400D6184A /* StatusBarInTabBar */ = {
			isa = PBXGroup;
			children = (
				9CD30C7721F6FCFD00D6184A /* StatusBarInTabBar.storyboard */,
				9CD30C7921F6FD0F00D6184A /* StatusBarInTabBarViewController.swift */,
				9CB8083121F822F800DAD155 /* First */,
				9CB8083221F8230100DAD155 /* Second */,
				9CB8083321F8230A00DAD155 /* Third */,
				9CB8083621F8281A00DAD155 /* Forth */,
			);
			path = StatusBarInTabBar;
			sourceTree = "<group>";
		};
		9CDB1B4E22749A47004EFB68 /* Redux */ = {
			isa = PBXGroup;
			children = (
				9CDB1B5122749A80004EFB68 /* ReViewController.storyboard */,
				9CDB1B4F22749A72004EFB68 /* ReViewController.swift */,
				9CDB1B5722749E40004EFB68 /* AppState.swift */,
				9CDB1B5922749F69004EFB68 /* CounterReducer.swift */,
				9CDB1B5B22749F88004EFB68 /* Actions.swift */,
				9CDB1B5D2274B070004EFB68 /* Store.swift */,
			);
			path = Redux;
			sourceTree = "<group>";
		};
		9CE26457211A90D000DD178E /* List */ = {
			isa = PBXGroup;
			children = (
				9CCC0AFA21199F72007EFE26 /* MVPViewController.swift */,
				9CE26449211A74D100DD178E /* MVPPresenter.swift */,
				9CE2644B211A818A00DD178E /* MVPModel.swift */,
				9CE2644D211A85E500DD178E /* MVPTableCell.swift */,
			);
			path = List;
			sourceTree = "<group>";
		};
		9CE26458211A90DA00DD178E /* Regist */ = {
			isa = PBXGroup;
			children = (
				9CE26459211A917C00DD178E /* MVPRegistViewController.swift */,
				9CE2645B211A918B00DD178E /* MVPRegistPresenter.swift */,
				9CE2645D211A919900DD178E /* MVPRegistModel.swift */,
			);
			path = Regist;
			sourceTree = "<group>";
		};
		9CEB1C6E2195F68900ECF364 /* StackView */ = {
			isa = PBXGroup;
			children = (
				9CEB1C6F2195F6A200ECF364 /* StackView.storyboard */,
				9CEB1C712195F6DB00ECF364 /* StackViewController.swift */,
			);
			path = StackView;
			sourceTree = "<group>";
		};
		9CFE3DE2224E05E500809567 /* Barcode */ = {
			isa = PBXGroup;
			children = (
				9CFE3DE3224E05F900809567 /* Barcode.storyboard */,
				9CFE3DE5224E060500809567 /* BarcodeViewController.swift */,
			);
			path = Barcode;
			sourceTree = "<group>";
		};
		9CFF6AB421E4A14F00E4097A /* NibPickerView */ = {
			isa = PBXGroup;
			children = (
				2032A70F20DCDD370091952F /* Picker.storyboard */,
				2032A71320DCE0180091952F /* PickerViewController.swift */,
				2032A71120DCDD680091952F /* CustomPickerView.xib */,
				2032A70D20DCDD1C0091952F /* CustomePickerView.swift */,
			);
			path = NibPickerView;
			sourceTree = "<group>";
		};
		9CFF6AB521E4A15D00E4097A /* CodeOnlyPickerView */ = {
			isa = PBXGroup;
			children = (
				9CFF6AB621E4A19900E4097A /* CodeOnlyPickerViewController.storyboard */,
				9CFF6AB821E4A1AC00E4097A /* CodeOnlyPickerViewController.swift */,
				9CFF6AB221E49AE100E4097A /* CodeOnlyPickerView.swift */,
			);
			path = CodeOnlyPickerView;
			sourceTree = "<group>";
		};
		F7CFB3FF5DBC8E92B546F54E /* Pods */ = {
			isa = PBXGroup;
			children = (
				36AAEDA64165B12B029D3C83 /* Pods-FunctionConfirm.debug.xcconfig */,
				B0EF827F6E003F3185FD0CCE /* Pods-FunctionConfirm.release.xcconfig */,
				BD616033D16449827D6A695F /* Pods-FunctionConfirmTests.debug.xcconfig */,
				9F999D8D35C57390F5AF55FA /* Pods-FunctionConfirmTests.release.xcconfig */,
			);
			name = Pods;
			sourceTree = "<group>";
		};
/* End PBXGroup section */

/* Begin PBXNativeTarget section */
		2032A6D420DCC9E50091952F /* FunctionConfirm */ = {
			isa = PBXNativeTarget;
			buildConfigurationList = 2032A70020DCC9E80091952F /* Build configuration list for PBXNativeTarget "FunctionConfirm" */;
			buildPhases = (
				A1FA6E37932A90E930284752 /* [CP] Check Pods Manifest.lock */,
				2032A6D120DCC9E50091952F /* Sources */,
				2032A6D220DCC9E50091952F /* Frameworks */,
				2032A6D320DCC9E50091952F /* Resources */,
				23A8E3A06E04D289A6EEBBE7 /* [CP] Embed Pods Frameworks */,
				9C78A295221471460036D3FD /* ShellScript */,
			);
			buildRules = (
			);
			dependencies = (
			);
			name = FunctionConfirm;
			productName = FunctionConfirm;
			productReference = 2032A6D520DCC9E50091952F /* FunctionConfirm.app */;
			productType = "com.apple.product-type.application";
		};
		2032A6EB20DCC9E80091952F /* FunctionConfirmTests */ = {
			isa = PBXNativeTarget;
			buildConfigurationList = 2032A70320DCC9E80091952F /* Build configuration list for PBXNativeTarget "FunctionConfirmTests" */;
			buildPhases = (
				0A4121F03E657EB07E2968CD /* [CP] Check Pods Manifest.lock */,
				2032A6E820DCC9E80091952F /* Sources */,
				2032A6E920DCC9E80091952F /* Frameworks */,
				2032A6EA20DCC9E80091952F /* Resources */,
				AD5DEEACD0500C40D55C9B4E /* [CP] Embed Pods Frameworks */,
			);
			buildRules = (
			);
			dependencies = (
				2032A6EE20DCC9E80091952F /* PBXTargetDependency */,
			);
			name = FunctionConfirmTests;
			productName = FunctionConfirmTests;
			productReference = 2032A6EC20DCC9E80091952F /* FunctionConfirmTests.xctest */;
			productType = "com.apple.product-type.bundle.unit-test";
		};
		2032A6F620DCC9E80091952F /* FunctionConfirmUITests */ = {
			isa = PBXNativeTarget;
			buildConfigurationList = 2032A70620DCC9E80091952F /* Build configuration list for PBXNativeTarget "FunctionConfirmUITests" */;
			buildPhases = (
				2032A6F320DCC9E80091952F /* Sources */,
				2032A6F420DCC9E80091952F /* Frameworks */,
				2032A6F520DCC9E80091952F /* Resources */,
			);
			buildRules = (
			);
			dependencies = (
				2032A6F920DCC9E80091952F /* PBXTargetDependency */,
			);
			name = FunctionConfirmUITests;
			productName = FunctionConfirmUITests;
			productReference = 2032A6F720DCC9E80091952F /* FunctionConfirmUITests.xctest */;
			productType = "com.apple.product-type.bundle.ui-testing";
		};
/* End PBXNativeTarget section */

/* Begin PBXProject section */
		2032A6CD20DCC9E50091952F /* Project object */ = {
			isa = PBXProject;
			attributes = {
				LastSwiftUpdateCheck = 1000;
				LastUpgradeCheck = 1000;
				ORGANIZATIONNAME = "牧宥作";
				TargetAttributes = {
					2032A6D420DCC9E50091952F = {
						CreatedOnToolsVersion = 10.0;
					};
					2032A6EB20DCC9E80091952F = {
						CreatedOnToolsVersion = 10.0;
						TestTargetID = 2032A6D420DCC9E50091952F;
					};
					2032A6F620DCC9E80091952F = {
						CreatedOnToolsVersion = 10.0;
						TestTargetID = 2032A6D420DCC9E50091952F;
					};
				};
			};
			buildConfigurationList = 2032A6D020DCC9E50091952F /* Build configuration list for PBXProject "FunctionConfirm" */;
			compatibilityVersion = "Xcode 9.3";
			developmentRegion = en;
			hasScannedForEncodings = 0;
			knownRegions = (
				en,
				Base,
			);
			mainGroup = 2032A6CC20DCC9E50091952F;
			productRefGroup = 2032A6D620DCC9E50091952F /* Products */;
			projectDirPath = "";
			projectRoot = "";
			targets = (
				2032A6D420DCC9E50091952F /* FunctionConfirm */,
				2032A6EB20DCC9E80091952F /* FunctionConfirmTests */,
				2032A6F620DCC9E80091952F /* FunctionConfirmUITests */,
			);
		};
/* End PBXProject section */

/* Begin PBXResourcesBuildPhase section */
		2032A6D320DCC9E50091952F /* Resources */ = {
			isa = PBXResourcesBuildPhase;
			buildActionMask = 2147483647;
			files = (
				9C78A29C221483320036D3FD /* CodeOnlyPickerViewController.storyboard in Resources */,
				9C78A29A221481700036D3FD /* GitHubRepositoryList.storyboard in Resources */,
				9CCCA878224F39DF00FCAB03 /* Barcode2.storyboard in Resources */,
				9C78A2A6221499160036D3FD /* Animation.storyboard in Resources */,
				9C78A299221481620036D3FD /* ScreenTransition.storyboard in Resources */,
				9CB8082821F753C900DAD155 /* StatusBarPopup2ViewController.xib in Resources */,
				20B015552436FCC1008DA31D /* SemiModal.storyboard in Resources */,
				20037F9724291058009D5CF5 /* TestFirst.storyboard in Resources */,
				9CD30C8221F7149A00D6184A /* StatusBarPopupViewController.xib in Resources */,
				9C91E4B42209DD490021E1BC /* AWSRekognition.storyboard in Resources */,
				20037F9B2429131F009D5CF5 /* TestSecond.storyboard in Resources */,
				9CCC0AF921199EFD007EFE26 /* MVP.storyboard in Resources */,
				2032A6E620DCC9E70091952F /* LaunchScreen.storyboard in Resources */,
				9CDB1B5222749A80004EFB68 /* ReViewController.storyboard in Resources */,
				9CFE3DE4224E05F900809567 /* Barcode.storyboard in Resources */,
				9CEB1C702195F6A200ECF364 /* StackView.storyboard in Resources */,
				2032A71220DCDD680091952F /* CustomPickerView.xib in Resources */,
				9C62DA3A227C4BA4002DEA7C /* MVVMListTableViewCell.xib in Resources */,
				2032A71020DCDD370091952F /* Picker.storyboard in Resources */,
				9CD30C7821F6FCFD00D6184A /* StatusBarInTabBar.storyboard in Resources */,
				9C87B27421F5966100A50985 /* StatusBar.storyboard in Resources */,
				9C69834B22700E3700DC8C93 /* CameraMainFunction.storyboard in Resources */,
				20E35066232A29090057A561 /* TimerView.storyboard in Resources */,
				2032A6E320DCC9E70091952F /* Assets.xcassets in Resources */,
				20037F9324290EAC009D5CF5 /* PresentTransitionFromRight.storyboard in Resources */,
				2032A6DE20DCC9E50091952F /* Main.storyboard in Resources */,
				9CB8083E21F8332300DAD155 /* StatusBarPopup3ViewController.xib in Resources */,
				9CD30C7421F6FCCB00D6184A /* StatusBarInNavigation.storyboard in Resources */,
				9C62DA3E227C4BA4002DEA7C /* MVVMSubmitViewController.storyboard in Resources */,
				7B67233120E1E14700D8A5A3 /* QiitaList.storyboard in Resources */,
				9C78A2A12214941A0036D3FD /* RoundedCorner.storyboard in Resources */,
				9C62DA3C227C4BA4002DEA7C /* MVVMViewController.storyboard in Resources */,
			);
			runOnlyForDeploymentPostprocessing = 0;
		};
		2032A6EA20DCC9E80091952F /* Resources */ = {
			isa = PBXResourcesBuildPhase;
			buildActionMask = 2147483647;
			files = (
			);
			runOnlyForDeploymentPostprocessing = 0;
		};
		2032A6F520DCC9E80091952F /* Resources */ = {
			isa = PBXResourcesBuildPhase;
			buildActionMask = 2147483647;
			files = (
			);
			runOnlyForDeploymentPostprocessing = 0;
		};
/* End PBXResourcesBuildPhase section */

/* Begin PBXShellScriptBuildPhase section */
		0A4121F03E657EB07E2968CD /* [CP] Check Pods Manifest.lock */ = {
			isa = PBXShellScriptBuildPhase;
			buildActionMask = 2147483647;
			files = (
			);
			inputPaths = (
				"${PODS_PODFILE_DIR_PATH}/Podfile.lock",
				"${PODS_ROOT}/Manifest.lock",
			);
			name = "[CP] Check Pods Manifest.lock";
			outputPaths = (
				"$(DERIVED_FILE_DIR)/Pods-FunctionConfirmTests-checkManifestLockResult.txt",
			);
			runOnlyForDeploymentPostprocessing = 0;
			shellPath = /bin/sh;
			shellScript = "diff \"${PODS_PODFILE_DIR_PATH}/Podfile.lock\" \"${PODS_ROOT}/Manifest.lock\" > /dev/null\nif [ $? != 0 ] ; then\n    # print error to STDERR\n    echo \"error: The sandbox is not in sync with the Podfile.lock. Run 'pod install' or update your CocoaPods installation.\" >&2\n    exit 1\nfi\n# This output is used by Xcode 'outputs' to avoid re-running this script phase.\necho \"SUCCESS\" > \"${SCRIPT_OUTPUT_FILE_0}\"\n";
			showEnvVarsInLog = 0;
		};
		23A8E3A06E04D289A6EEBBE7 /* [CP] Embed Pods Frameworks */ = {
			isa = PBXShellScriptBuildPhase;
			buildActionMask = 2147483647;
			files = (
			);
			inputPaths = (
				"${PODS_ROOT}/Target Support Files/Pods-FunctionConfirm/Pods-FunctionConfirm-frameworks.sh",
				"${BUILT_PRODUCTS_DIR}/APIKit/APIKit.framework",
				"${BUILT_PRODUCTS_DIR}/AWSCore/AWSCore.framework",
				"${BUILT_PRODUCTS_DIR}/AWSRekognition/AWSRekognition.framework",
				"${BUILT_PRODUCTS_DIR}/Cartography/Cartography.framework",
				"${BUILT_PRODUCTS_DIR}/KRActivityIndicatorView/KRActivityIndicatorView.framework",
				"${BUILT_PRODUCTS_DIR}/KRProgressHUD/KRProgressHUD.framework",
				"${BUILT_PRODUCTS_DIR}/ReSwift/ReSwift.framework",
				"${BUILT_PRODUCTS_DIR}/RxCocoa/RxCocoa.framework",
				"${BUILT_PRODUCTS_DIR}/RxRelay/RxRelay.framework",
				"${BUILT_PRODUCTS_DIR}/RxSwift/RxSwift.framework",
			);
			name = "[CP] Embed Pods Frameworks";
			outputPaths = (
				"${TARGET_BUILD_DIR}/${FRAMEWORKS_FOLDER_PATH}/APIKit.framework",
				"${TARGET_BUILD_DIR}/${FRAMEWORKS_FOLDER_PATH}/AWSCore.framework",
				"${TARGET_BUILD_DIR}/${FRAMEWORKS_FOLDER_PATH}/AWSRekognition.framework",
				"${TARGET_BUILD_DIR}/${FRAMEWORKS_FOLDER_PATH}/Cartography.framework",
				"${TARGET_BUILD_DIR}/${FRAMEWORKS_FOLDER_PATH}/KRActivityIndicatorView.framework",
				"${TARGET_BUILD_DIR}/${FRAMEWORKS_FOLDER_PATH}/KRProgressHUD.framework",
				"${TARGET_BUILD_DIR}/${FRAMEWORKS_FOLDER_PATH}/ReSwift.framework",
				"${TARGET_BUILD_DIR}/${FRAMEWORKS_FOLDER_PATH}/RxCocoa.framework",
				"${TARGET_BUILD_DIR}/${FRAMEWORKS_FOLDER_PATH}/RxRelay.framework",
				"${TARGET_BUILD_DIR}/${FRAMEWORKS_FOLDER_PATH}/RxSwift.framework",
			);
			runOnlyForDeploymentPostprocessing = 0;
			shellPath = /bin/sh;
			shellScript = "\"${PODS_ROOT}/Target Support Files/Pods-FunctionConfirm/Pods-FunctionConfirm-frameworks.sh\"\n";
			showEnvVarsInLog = 0;
		};
		9C78A295221471460036D3FD /* ShellScript */ = {
			isa = PBXShellScriptBuildPhase;
			buildActionMask = 2147483647;
			files = (
			);
			inputPaths = (
			);
			outputPaths = (
			);
			runOnlyForDeploymentPostprocessing = 0;
			shellPath = /bin/sh;
			shellScript = "if which \"${PODS_ROOT}/SwiftLint/swiftlint\" >/dev/null; then\n${PODS_ROOT}/SwiftLint/swiftlint\nelse\necho \"warning: SwiftLint not installed, download from https://github.com/realm/SwiftLint\"\nfi\n";
		};
		A1FA6E37932A90E930284752 /* [CP] Check Pods Manifest.lock */ = {
			isa = PBXShellScriptBuildPhase;
			buildActionMask = 2147483647;
			files = (
			);
			inputPaths = (
				"${PODS_PODFILE_DIR_PATH}/Podfile.lock",
				"${PODS_ROOT}/Manifest.lock",
			);
			name = "[CP] Check Pods Manifest.lock";
			outputPaths = (
				"$(DERIVED_FILE_DIR)/Pods-FunctionConfirm-checkManifestLockResult.txt",
			);
			runOnlyForDeploymentPostprocessing = 0;
			shellPath = /bin/sh;
			shellScript = "diff \"${PODS_PODFILE_DIR_PATH}/Podfile.lock\" \"${PODS_ROOT}/Manifest.lock\" > /dev/null\nif [ $? != 0 ] ; then\n    # print error to STDERR\n    echo \"error: The sandbox is not in sync with the Podfile.lock. Run 'pod install' or update your CocoaPods installation.\" >&2\n    exit 1\nfi\n# This output is used by Xcode 'outputs' to avoid re-running this script phase.\necho \"SUCCESS\" > \"${SCRIPT_OUTPUT_FILE_0}\"\n";
			showEnvVarsInLog = 0;
		};
		AD5DEEACD0500C40D55C9B4E /* [CP] Embed Pods Frameworks */ = {
			isa = PBXShellScriptBuildPhase;
			buildActionMask = 2147483647;
			files = (
			);
			inputPaths = (
				"${PODS_ROOT}/Target Support Files/Pods-FunctionConfirmTests/Pods-FunctionConfirmTests-frameworks.sh",
				"${BUILT_PRODUCTS_DIR}/RxSwift/RxSwift.framework",
				"${BUILT_PRODUCTS_DIR}/RxBlocking/RxBlocking.framework",
				"${BUILT_PRODUCTS_DIR}/RxTest/RxTest.framework",
			);
			name = "[CP] Embed Pods Frameworks";
			outputPaths = (
				"${TARGET_BUILD_DIR}/${FRAMEWORKS_FOLDER_PATH}/RxSwift.framework",
				"${TARGET_BUILD_DIR}/${FRAMEWORKS_FOLDER_PATH}/RxBlocking.framework",
				"${TARGET_BUILD_DIR}/${FRAMEWORKS_FOLDER_PATH}/RxTest.framework",
			);
			runOnlyForDeploymentPostprocessing = 0;
			shellPath = /bin/sh;
			shellScript = "\"${PODS_ROOT}/Target Support Files/Pods-FunctionConfirmTests/Pods-FunctionConfirmTests-frameworks.sh\"\n";
			showEnvVarsInLog = 0;
		};
/* End PBXShellScriptBuildPhase section */

/* Begin PBXSourcesBuildPhase section */
		2032A6D120DCC9E50091952F /* Sources */ = {
			isa = PBXSourcesBuildPhase;
			buildActionMask = 2147483647;
			files = (
				9C62DA3F227C4BA4002DEA7C /* MVVMViewState.swift in Sources */,
				9C78A2A822149CDC0036D3FD /* AnimationPageViewController.swift in Sources */,
				9C78A29B221481FC0036D3FD /* GitHubRepositoryListViewController.swift in Sources */,
				9C78A29422146DBB0036D3FD /* QiitaListElement.swift in Sources */,
				2032A71420DCE0180091952F /* PickerViewController.swift in Sources */,
				9CB8083821F8283900DAD155 /* StatusBarForthViewController.swift in Sources */,
				7B67232F20E1E13B00D8A5A3 /* QiitaListViewController.swift in Sources */,
				20037F9524291049009D5CF5 /* TestFirstViewController.swift in Sources */,
				9C62DA38227C4BA4002DEA7C /* MVVMSubmitViewController.swift in Sources */,
				9CCC0AFB21199F72007EFE26 /* MVPViewController.swift in Sources */,
				7B67233520E1E72800D8A5A3 /* QiitaListModel.swift in Sources */,
				9CCCA87A224F39E900FCAB03 /* Barcode2ViewController.swift in Sources */,
				9C62DA41227C4BA4002DEA7C /* ItemAPIRequestRx.swift in Sources */,
				9CD30C7621F6FCDE00D6184A /* StatusBarInNavigationViewController.swift in Sources */,
				9CD30C7C21F6FE8E00D6184A /* StatusBarFirstViewController.swift in Sources */,
				9C78A2AE22152C5F0036D3FD /* AnimationFourthViewController.swift in Sources */,
				9C5EBBBA213F6B360085B838 /* ItemRequest.swift in Sources */,
				9C78A2A42214990A0036D3FD /* AnimationFirstViewController.swift in Sources */,
				20B015532436FCB4008DA31D /* SemiModalViewController.swift in Sources */,
				9CDB1B5422749D6F004EFB68 /* String+Random.swift in Sources */,
				9CE2644A211A74D100DD178E /* MVPPresenter.swift in Sources */,
				208CE614234753F60024AE3A /* ImageButton.swift in Sources */,
				9CE26452211A894100DD178E /* UITableViewCell+Addition.swift in Sources */,
				9CB8084021F8349700DAD155 /* StatusBar3NavigationViewController.swift in Sources */,
				7B67232320E0BF3D00D8A5A3 /* DisplayViewController.swift in Sources */,
				9CDB1B5A22749F69004EFB68 /* CounterReducer.swift in Sources */,
				9CB8083C21F8330B00DAD155 /* StatusBarPopup3ViewController.swift in Sources */,
				20037F9124290E9B009D5CF5 /* PresentTransitionFromRightViewController.swift in Sources */,
				2032A70E20DCDD1C0091952F /* CustomePickerView.swift in Sources */,
				9C78A2B022194BA60036D3FD /* AnimationFifthViewController.swift in Sources */,
				9CE26454211A896C00DD178E /* UITableViewHeaderFooterView+Addition.swift in Sources */,
				9C91E4B62209DD6D0021E1BC /* FaceTrackingHomeViewController.swift in Sources */,
				2032A6DB20DCC9E50091952F /* MainViewController.swift in Sources */,
				9CFF6AB321E49AE100E4097A /* CodeOnlyPickerView.swift in Sources */,
				9CDB1B5022749A72004EFB68 /* ReViewController.swift in Sources */,
				9C096C45211C26E8008DB26D /* Item.swift in Sources */,
				9CDB1B5822749E40004EFB68 /* AppState.swift in Sources */,
				9CEB1C722195F6DB00ECF364 /* StackViewController.swift in Sources */,
				20521A5220DF50BB00621136 /* NibLoadable.swift in Sources */,
				9C62DA42227C4BA4002DEA7C /* MVVMSubmitViewModel.swift in Sources */,
				9CFE3DE6224E060600809567 /* BarcodeViewController.swift in Sources */,
				9C660DEF21DD45B4003BF811 /* StoryboardLoadable.swift in Sources */,
				9C69834922700E2F00DC8C93 /* CameraMainFunctionViewController.swift in Sources */,
				7B67233720E1EC7C00D8A5A3 /* QiitaListApiRequest.swift in Sources */,
				9CB8083021F8229600DAD155 /* UIApplication+topViewController.swift in Sources */,
				9CDB1B5E2274B070004EFB68 /* Store.swift in Sources */,
				9CD30C7E21F6FE9A00D6184A /* StatusBarSecondViewController.swift in Sources */,
				9C78A29F221494090036D3FD /* RoundedCornerViewController.swift in Sources */,
				9CE26456211A8FB300DD178E /* UIColor+Addition.swift in Sources */,
				9CB8082A21F7540E00DAD155 /* StatusBarPopup2ViewController.swift in Sources */,
				7B67233D20E200FF00D8A5A3 /* QiitaListRequest.swift in Sources */,
				9CE2645C211A918B00DD178E /* MVPRegistPresenter.swift in Sources */,
				9C660DF121DD45F3003BF811 /* UIStoryboard+Name.swift in Sources */,
				9CB8083A21F832BA00DAD155 /* StatusBar3Manager.swift in Sources */,
				9C62DA39227C4BA4002DEA7C /* MVVMListTableViewCell.swift in Sources */,
				9CE2645A211A917C00DD178E /* MVPRegistViewController.swift in Sources */,
				20E35064232A28F50057A561 /* TimerViewController.swift in Sources */,
				7B67232120E0BF0300D8A5A3 /* ScreenTransitionViewController.swift in Sources */,
				9C660DFA21DF5DE3003BF811 /* SubmitButton.swift in Sources */,
				9C78A2AA22149F0F0036D3FD /* AnimationSecondViewController.swift in Sources */,
				7B67233320E1E71D00D8A5A3 /* QiitaListViewModel.swift in Sources */,
				7B67232C20E0D78300D8A5A3 /* GitHubRepositoryModel.swift in Sources */,
				20037F9924291314009D5CF5 /* TestSecondViewController.swift in Sources */,
				9CE2644E211A85E500DD178E /* MVPTableCell.swift in Sources */,
				9C827A33213EB56600E72FDA /* ItemResponse.swift in Sources */,
				9C78A2B222194BB50036D3FD /* AnimationSixthViewController.swift in Sources */,
				9CB8082621F751A900DAD155 /* StatusBarThirdViewController.swift in Sources */,
				9CE26450211A890900DD178E /* UITableView+Addition.swift in Sources */,
				9CE2645E211A919900DD178E /* MVPRegistModel.swift in Sources */,
				9CFA441B221C5C2A00CA07CD /* Celebrity.swift in Sources */,
				9C660DFC21DF5E54003BF811 /* UIImage+Color.swift in Sources */,
				9CD30C8021F7100B00D6184A /* UINavigationController+StatusBarStyle.swift in Sources */,
				9CB8082421F716AB00DAD155 /* StatusBarPopupViewController.swift in Sources */,
				2032A6D920DCC9E50091952F /* AppDelegate.swift in Sources */,
				9CDB1B5C22749F88004EFB68 /* Actions.swift in Sources */,
				9C62DA3B227C4BA4002DEA7C /* MVVMListViewController.swift in Sources */,
				9CE2644C211A818A00DD178E /* MVPModel.swift in Sources */,
				7B67233B20E200B500D8A5A3 /* DecodableDataParser.swift in Sources */,
				9CB8083521F8236000DAD155 /* StatusBar2Manager.swift in Sources */,
				9C87B27621F5967100A50985 /* StatusBarViewController.swift in Sources */,
				9C096C43211C26C8008DB26D /* RESTfulAPIRequest.swift in Sources */,
				9C62DA3D227C4BA4002DEA7C /* MVVMListViewModel.swift in Sources */,
				9C78A2B422194BC50036D3FD /* AnimationSeventhViewController.swift in Sources */,
				2032A6E120DCC9E50091952F /* FunctionConfirm.xcdatamodeld in Sources */,
				9CFF6AB921E4A1AC00E4097A /* CodeOnlyPickerViewController.swift in Sources */,
				9C78A2B622194C060036D3FD /* AnimationEighthViewController.swift in Sources */,
				9CD30C7A21F6FD0F00D6184A /* StatusBarInTabBarViewController.swift in Sources */,
				9C78A2AC22149F1B0036D3FD /* AnimationThirdViewController.swift in Sources */,
				203AFD482344EA330021FA9A /* RoundedCornerButton.swift in Sources */,
				9C62DA40227C4BA4002DEA7C /* ItemRx.swift in Sources */,
			);
			runOnlyForDeploymentPostprocessing = 0;
		};
		2032A6E820DCC9E80091952F /* Sources */ = {
			isa = PBXSourcesBuildPhase;
			buildActionMask = 2147483647;
			files = (
				9C6ADAB921E1C21800EC4494 /* MVVMSubmitViewModelTest.swift in Sources */,
				9C6ADAB721E1C20400EC4494 /* MVVMListViewModelText.swift in Sources */,
			);
			runOnlyForDeploymentPostprocessing = 0;
		};
		2032A6F320DCC9E80091952F /* Sources */ = {
			isa = PBXSourcesBuildPhase;
			buildActionMask = 2147483647;
			files = (
				2032A6FC20DCC9E80091952F /* FunctionConfirmUITests.swift in Sources */,
			);
			runOnlyForDeploymentPostprocessing = 0;
		};
/* End PBXSourcesBuildPhase section */

/* Begin PBXTargetDependency section */
		2032A6EE20DCC9E80091952F /* PBXTargetDependency */ = {
			isa = PBXTargetDependency;
			target = 2032A6D420DCC9E50091952F /* FunctionConfirm */;
			targetProxy = 2032A6ED20DCC9E80091952F /* PBXContainerItemProxy */;
		};
		2032A6F920DCC9E80091952F /* PBXTargetDependency */ = {
			isa = PBXTargetDependency;
			target = 2032A6D420DCC9E50091952F /* FunctionConfirm */;
			targetProxy = 2032A6F820DCC9E80091952F /* PBXContainerItemProxy */;
		};
/* End PBXTargetDependency section */

/* Begin PBXVariantGroup section */
		2032A6DC20DCC9E50091952F /* Main.storyboard */ = {
			isa = PBXVariantGroup;
			children = (
				2032A6DD20DCC9E50091952F /* Base */,
			);
			name = Main.storyboard;
			sourceTree = "<group>";
		};
		2032A6E420DCC9E70091952F /* LaunchScreen.storyboard */ = {
			isa = PBXVariantGroup;
			children = (
				2032A6E520DCC9E70091952F /* Base */,
			);
			name = LaunchScreen.storyboard;
			sourceTree = "<group>";
		};
/* End PBXVariantGroup section */

/* Begin XCBuildConfiguration section */
		2032A6FE20DCC9E80091952F /* Debug */ = {
			isa = XCBuildConfiguration;
			buildSettings = {
				ALWAYS_SEARCH_USER_PATHS = NO;
				CLANG_ANALYZER_NONNULL = YES;
				CLANG_ANALYZER_NUMBER_OBJECT_CONVERSION = YES_AGGRESSIVE;
				CLANG_CXX_LANGUAGE_STANDARD = "gnu++14";
				CLANG_CXX_LIBRARY = "libc++";
				CLANG_ENABLE_MODULES = YES;
				CLANG_ENABLE_OBJC_ARC = YES;
				CLANG_ENABLE_OBJC_WEAK = YES;
				CLANG_WARN_BLOCK_CAPTURE_AUTORELEASING = YES;
				CLANG_WARN_BOOL_CONVERSION = YES;
				CLANG_WARN_COMMA = YES;
				CLANG_WARN_CONSTANT_CONVERSION = YES;
				CLANG_WARN_DEPRECATED_OBJC_IMPLEMENTATIONS = YES;
				CLANG_WARN_DIRECT_OBJC_ISA_USAGE = YES_ERROR;
				CLANG_WARN_DOCUMENTATION_COMMENTS = YES;
				CLANG_WARN_EMPTY_BODY = YES;
				CLANG_WARN_ENUM_CONVERSION = YES;
				CLANG_WARN_INFINITE_RECURSION = YES;
				CLANG_WARN_INT_CONVERSION = YES;
				CLANG_WARN_NON_LITERAL_NULL_CONVERSION = YES;
				CLANG_WARN_OBJC_IMPLICIT_RETAIN_SELF = YES;
				CLANG_WARN_OBJC_LITERAL_CONVERSION = YES;
				CLANG_WARN_OBJC_ROOT_CLASS = YES_ERROR;
				CLANG_WARN_RANGE_LOOP_ANALYSIS = YES;
				CLANG_WARN_STRICT_PROTOTYPES = YES;
				CLANG_WARN_SUSPICIOUS_MOVE = YES;
				CLANG_WARN_UNGUARDED_AVAILABILITY = YES_AGGRESSIVE;
				CLANG_WARN_UNREACHABLE_CODE = YES;
				CLANG_WARN__DUPLICATE_METHOD_MATCH = YES;
				CODE_SIGN_IDENTITY = "iPhone Developer";
				COPY_PHASE_STRIP = NO;
				DEBUG_INFORMATION_FORMAT = dwarf;
				ENABLE_STRICT_OBJC_MSGSEND = YES;
				ENABLE_TESTABILITY = YES;
				GCC_C_LANGUAGE_STANDARD = gnu11;
				GCC_DYNAMIC_NO_PIC = NO;
				GCC_NO_COMMON_BLOCKS = YES;
				GCC_OPTIMIZATION_LEVEL = 0;
				GCC_PREPROCESSOR_DEFINITIONS = (
					"DEBUG=1",
					"$(inherited)",
				);
				GCC_WARN_64_TO_32_BIT_CONVERSION = YES;
				GCC_WARN_ABOUT_RETURN_TYPE = YES_ERROR;
				GCC_WARN_UNDECLARED_SELECTOR = YES;
				GCC_WARN_UNINITIALIZED_AUTOS = YES_AGGRESSIVE;
				GCC_WARN_UNUSED_FUNCTION = YES;
				GCC_WARN_UNUSED_VARIABLE = YES;
				IPHONEOS_DEPLOYMENT_TARGET = 11.2;
				MTL_ENABLE_DEBUG_INFO = INCLUDE_SOURCE;
				ONLY_ACTIVE_ARCH = YES;
				SDKROOT = iphoneos;
				SWIFT_ACTIVE_COMPILATION_CONDITIONS = DEBUG;
				SWIFT_OPTIMIZATION_LEVEL = "-Onone";
			};
			name = Debug;
		};
		2032A6FF20DCC9E80091952F /* Release */ = {
			isa = XCBuildConfiguration;
			buildSettings = {
				ALWAYS_SEARCH_USER_PATHS = NO;
				CLANG_ANALYZER_NONNULL = YES;
				CLANG_ANALYZER_NUMBER_OBJECT_CONVERSION = YES_AGGRESSIVE;
				CLANG_CXX_LANGUAGE_STANDARD = "gnu++14";
				CLANG_CXX_LIBRARY = "libc++";
				CLANG_ENABLE_MODULES = YES;
				CLANG_ENABLE_OBJC_ARC = YES;
				CLANG_ENABLE_OBJC_WEAK = YES;
				CLANG_WARN_BLOCK_CAPTURE_AUTORELEASING = YES;
				CLANG_WARN_BOOL_CONVERSION = YES;
				CLANG_WARN_COMMA = YES;
				CLANG_WARN_CONSTANT_CONVERSION = YES;
				CLANG_WARN_DEPRECATED_OBJC_IMPLEMENTATIONS = YES;
				CLANG_WARN_DIRECT_OBJC_ISA_USAGE = YES_ERROR;
				CLANG_WARN_DOCUMENTATION_COMMENTS = YES;
				CLANG_WARN_EMPTY_BODY = YES;
				CLANG_WARN_ENUM_CONVERSION = YES;
				CLANG_WARN_INFINITE_RECURSION = YES;
				CLANG_WARN_INT_CONVERSION = YES;
				CLANG_WARN_NON_LITERAL_NULL_CONVERSION = YES;
				CLANG_WARN_OBJC_IMPLICIT_RETAIN_SELF = YES;
				CLANG_WARN_OBJC_LITERAL_CONVERSION = YES;
				CLANG_WARN_OBJC_ROOT_CLASS = YES_ERROR;
				CLANG_WARN_RANGE_LOOP_ANALYSIS = YES;
				CLANG_WARN_STRICT_PROTOTYPES = YES;
				CLANG_WARN_SUSPICIOUS_MOVE = YES;
				CLANG_WARN_UNGUARDED_AVAILABILITY = YES_AGGRESSIVE;
				CLANG_WARN_UNREACHABLE_CODE = YES;
				CLANG_WARN__DUPLICATE_METHOD_MATCH = YES;
				CODE_SIGN_IDENTITY = "iPhone Developer";
				COPY_PHASE_STRIP = NO;
				DEBUG_INFORMATION_FORMAT = "dwarf-with-dsym";
				ENABLE_NS_ASSERTIONS = NO;
				ENABLE_STRICT_OBJC_MSGSEND = YES;
				GCC_C_LANGUAGE_STANDARD = gnu11;
				GCC_NO_COMMON_BLOCKS = YES;
				GCC_WARN_64_TO_32_BIT_CONVERSION = YES;
				GCC_WARN_ABOUT_RETURN_TYPE = YES_ERROR;
				GCC_WARN_UNDECLARED_SELECTOR = YES;
				GCC_WARN_UNINITIALIZED_AUTOS = YES_AGGRESSIVE;
				GCC_WARN_UNUSED_FUNCTION = YES;
				GCC_WARN_UNUSED_VARIABLE = YES;
				IPHONEOS_DEPLOYMENT_TARGET = 11.2;
				MTL_ENABLE_DEBUG_INFO = NO;
				SDKROOT = iphoneos;
				SWIFT_COMPILATION_MODE = wholemodule;
				SWIFT_OPTIMIZATION_LEVEL = "-O";
				VALIDATE_PRODUCT = YES;
			};
			name = Release;
		};
		2032A70120DCC9E80091952F /* Debug */ = {
			isa = XCBuildConfiguration;
			baseConfigurationReference = 36AAEDA64165B12B029D3C83 /* Pods-FunctionConfirm.debug.xcconfig */;
			buildSettings = {
				ASSETCATALOG_COMPILER_APPICON_NAME = AppIcon;
				CODE_SIGN_STYLE = Automatic;
				DEVELOPMENT_TEAM = 59L67BD63A;
				INFOPLIST_FILE = FunctionConfirm/Info.plist;
				LD_RUNPATH_SEARCH_PATHS = (
					"$(inherited)",
					"@executable_path/Frameworks",
				);
				PRODUCT_BUNDLE_IDENTIFIER = com.maki.FunctionConfirm;
				PRODUCT_NAME = "$(TARGET_NAME)";
				SWIFT_VERSION = 5.0;
				TARGETED_DEVICE_FAMILY = "1,2";
			};
			name = Debug;
		};
		2032A70220DCC9E80091952F /* Release */ = {
			isa = XCBuildConfiguration;
			baseConfigurationReference = B0EF827F6E003F3185FD0CCE /* Pods-FunctionConfirm.release.xcconfig */;
			buildSettings = {
				ASSETCATALOG_COMPILER_APPICON_NAME = AppIcon;
				CODE_SIGN_STYLE = Automatic;
				DEVELOPMENT_TEAM = 59L67BD63A;
				INFOPLIST_FILE = FunctionConfirm/Info.plist;
				LD_RUNPATH_SEARCH_PATHS = (
					"$(inherited)",
					"@executable_path/Frameworks",
				);
				PRODUCT_BUNDLE_IDENTIFIER = com.maki.FunctionConfirm;
				PRODUCT_NAME = "$(TARGET_NAME)";
				SWIFT_VERSION = 5.0;
				TARGETED_DEVICE_FAMILY = "1,2";
			};
			name = Release;
		};
		2032A70420DCC9E80091952F /* Debug */ = {
			isa = XCBuildConfiguration;
			baseConfigurationReference = BD616033D16449827D6A695F /* Pods-FunctionConfirmTests.debug.xcconfig */;
			buildSettings = {
				ALWAYS_EMBED_SWIFT_STANDARD_LIBRARIES = "$(inherited)";
				BUNDLE_LOADER = "$(TEST_HOST)";
				CODE_SIGN_STYLE = Automatic;
				DEVELOPMENT_TEAM = 98UFL8A7L4;
				INFOPLIST_FILE = FunctionConfirmTests/Info.plist;
				LD_RUNPATH_SEARCH_PATHS = (
					"$(inherited)",
					"@executable_path/Frameworks",
					"@loader_path/Frameworks",
				);
				PRODUCT_BUNDLE_IDENTIFIER = com.maki.FunctionConfirmTests;
				PRODUCT_NAME = "$(TARGET_NAME)";
				SWIFT_VERSION = 5.0;
				TARGETED_DEVICE_FAMILY = "1,2";
				TEST_HOST = "$(BUILT_PRODUCTS_DIR)/FunctionConfirm.app/FunctionConfirm";
			};
			name = Debug;
		};
		2032A70520DCC9E80091952F /* Release */ = {
			isa = XCBuildConfiguration;
			baseConfigurationReference = 9F999D8D35C57390F5AF55FA /* Pods-FunctionConfirmTests.release.xcconfig */;
			buildSettings = {
				ALWAYS_EMBED_SWIFT_STANDARD_LIBRARIES = "$(inherited)";
				BUNDLE_LOADER = "$(TEST_HOST)";
				CODE_SIGN_STYLE = Automatic;
				DEVELOPMENT_TEAM = 98UFL8A7L4;
				INFOPLIST_FILE = FunctionConfirmTests/Info.plist;
				LD_RUNPATH_SEARCH_PATHS = (
					"$(inherited)",
					"@executable_path/Frameworks",
					"@loader_path/Frameworks",
				);
				PRODUCT_BUNDLE_IDENTIFIER = com.maki.FunctionConfirmTests;
				PRODUCT_NAME = "$(TARGET_NAME)";
				SWIFT_VERSION = 5.0;
				TARGETED_DEVICE_FAMILY = "1,2";
				TEST_HOST = "$(BUILT_PRODUCTS_DIR)/FunctionConfirm.app/FunctionConfirm";
			};
			name = Release;
		};
		2032A70720DCC9E80091952F /* Debug */ = {
			isa = XCBuildConfiguration;
			buildSettings = {
				ALWAYS_EMBED_SWIFT_STANDARD_LIBRARIES = YES;
				CODE_SIGN_STYLE = Automatic;
				DEVELOPMENT_TEAM = 98UFL8A7L4;
				INFOPLIST_FILE = FunctionConfirmUITests/Info.plist;
				LD_RUNPATH_SEARCH_PATHS = (
					"$(inherited)",
					"@executable_path/Frameworks",
					"@loader_path/Frameworks",
				);
				PRODUCT_BUNDLE_IDENTIFIER = com.maki.FunctionConfirmUITests;
				PRODUCT_NAME = "$(TARGET_NAME)";
				SWIFT_VERSION = 4.2;
				TARGETED_DEVICE_FAMILY = "1,2";
				TEST_TARGET_NAME = FunctionConfirm;
			};
			name = Debug;
		};
		2032A70820DCC9E80091952F /* Release */ = {
			isa = XCBuildConfiguration;
			buildSettings = {
				ALWAYS_EMBED_SWIFT_STANDARD_LIBRARIES = YES;
				CODE_SIGN_STYLE = Automatic;
				DEVELOPMENT_TEAM = 98UFL8A7L4;
				INFOPLIST_FILE = FunctionConfirmUITests/Info.plist;
				LD_RUNPATH_SEARCH_PATHS = (
					"$(inherited)",
					"@executable_path/Frameworks",
					"@loader_path/Frameworks",
				);
				PRODUCT_BUNDLE_IDENTIFIER = com.maki.FunctionConfirmUITests;
				PRODUCT_NAME = "$(TARGET_NAME)";
				SWIFT_VERSION = 4.2;
				TARGETED_DEVICE_FAMILY = "1,2";
				TEST_TARGET_NAME = FunctionConfirm;
			};
			name = Release;
		};
/* End XCBuildConfiguration section */

/* Begin XCConfigurationList section */
		2032A6D020DCC9E50091952F /* Build configuration list for PBXProject "FunctionConfirm" */ = {
			isa = XCConfigurationList;
			buildConfigurations = (
				2032A6FE20DCC9E80091952F /* Debug */,
				2032A6FF20DCC9E80091952F /* Release */,
			);
			defaultConfigurationIsVisible = 0;
			defaultConfigurationName = Release;
		};
		2032A70020DCC9E80091952F /* Build configuration list for PBXNativeTarget "FunctionConfirm" */ = {
			isa = XCConfigurationList;
			buildConfigurations = (
				2032A70120DCC9E80091952F /* Debug */,
				2032A70220DCC9E80091952F /* Release */,
			);
			defaultConfigurationIsVisible = 0;
			defaultConfigurationName = Release;
		};
		2032A70320DCC9E80091952F /* Build configuration list for PBXNativeTarget "FunctionConfirmTests" */ = {
			isa = XCConfigurationList;
			buildConfigurations = (
				2032A70420DCC9E80091952F /* Debug */,
				2032A70520DCC9E80091952F /* Release */,
			);
			defaultConfigurationIsVisible = 0;
			defaultConfigurationName = Release;
		};
		2032A70620DCC9E80091952F /* Build configuration list for PBXNativeTarget "FunctionConfirmUITests" */ = {
			isa = XCConfigurationList;
			buildConfigurations = (
				2032A70720DCC9E80091952F /* Debug */,
				2032A70820DCC9E80091952F /* Release */,
			);
			defaultConfigurationIsVisible = 0;
			defaultConfigurationName = Release;
		};
/* End XCConfigurationList section */

/* Begin XCVersionGroup section */
		2032A6DF20DCC9E50091952F /* FunctionConfirm.xcdatamodeld */ = {
			isa = XCVersionGroup;
			children = (
				2032A6E020DCC9E50091952F /* FunctionConfirm.xcdatamodel */,
			);
			currentVersion = 2032A6E020DCC9E50091952F /* FunctionConfirm.xcdatamodel */;
			path = FunctionConfirm.xcdatamodeld;
			sourceTree = "<group>";
			versionGroupType = wrapper.xcdatamodel;
		};
/* End XCVersionGroup section */
	};
	rootObject = 2032A6CD20DCC9E50091952F /* Project object */;
}
